// !$*UTF8*$!
{
	archiveVersion = 1;
	classes = {
	};
	objectVersion = 50;
	objects = {

/* Begin PBXBuildFile section */
		EB9C9E4021312AC0003FD0EC /* AppDelegate.swift in Sources */ = {isa = PBXBuildFile; fileRef = EB9C9E3F21312AC0003FD0EC /* AppDelegate.swift */; };
		EB9C9E4221312AC0003FD0EC /* ViewController.swift in Sources */ = {isa = PBXBuildFile; fileRef = EB9C9E4121312AC0003FD0EC /* ViewController.swift */; };
		EB9C9E4421312AC4003FD0EC /* Assets.xcassets in Resources */ = {isa = PBXBuildFile; fileRef = EB9C9E4321312AC4003FD0EC /* Assets.xcassets */; };
		EB9C9E4721312AC4003FD0EC /* Main.storyboard in Resources */ = {isa = PBXBuildFile; fileRef = EB9C9E4521312AC4003FD0EC /* Main.storyboard */; };
		EB9C9E5321312AC4003FD0EC /* R_Name_STests.swift in Sources */ = {isa = PBXBuildFile; fileRef = EB9C9E5221312AC4003FD0EC /* R_Name_STests.swift */; };
		EB9C9E5E21312AC4003FD0EC /* R_Name_SUITests.swift in Sources */ = {isa = PBXBuildFile; fileRef = EB9C9E5D21312AC4003FD0EC /* R_Name_SUITests.swift */; };
/* End PBXBuildFile section */

/* Begin PBXContainerItemProxy section */
		EB9C9E4F21312AC4003FD0EC /* PBXContainerItemProxy */ = {
			isa = PBXContainerItemProxy;
			containerPortal = EB9C9E3421312AC0003FD0EC /* Project object */;
			proxyType = 1;
			remoteGlobalIDString = EB9C9E3B21312AC0003FD0EC;
			remoteInfo = "R-Name S";
		};
		EB9C9E5A21312AC4003FD0EC /* PBXContainerItemProxy */ = {
			isa = PBXContainerItemProxy;
			containerPortal = EB9C9E3421312AC0003FD0EC /* Project object */;
			proxyType = 1;
			remoteGlobalIDString = EB9C9E3B21312AC0003FD0EC;
			remoteInfo = "R-Name S";
		};
/* End PBXContainerItemProxy section */

/* Begin PBXFileReference section */
		EB9C9E3C21312AC0003FD0EC /* R-Name S.app */ = {isa = PBXFileReference; explicitFileType = wrapper.application; includeInIndex = 0; path = "R-Name S.app"; sourceTree = BUILT_PRODUCTS_DIR; };
		EB9C9E3F21312AC0003FD0EC /* AppDelegate.swift */ = {isa = PBXFileReference; lastKnownFileType = sourcecode.swift; path = AppDelegate.swift; sourceTree = "<group>"; };
		EB9C9E4121312AC0003FD0EC /* ViewController.swift */ = {isa = PBXFileReference; lastKnownFileType = sourcecode.swift; path = ViewController.swift; sourceTree = "<group>"; };
		EB9C9E4321312AC4003FD0EC /* Assets.xcassets */ = {isa = PBXFileReference; lastKnownFileType = folder.assetcatalog; path = Assets.xcassets; sourceTree = "<group>"; };
		EB9C9E4621312AC4003FD0EC /* Base */ = {isa = PBXFileReference; lastKnownFileType = file.storyboard; name = Base; path = Base.lproj/Main.storyboard; sourceTree = "<group>"; };
		EB9C9E4821312AC4003FD0EC /* Info.plist */ = {isa = PBXFileReference; lastKnownFileType = text.plist.xml; path = Info.plist; sourceTree = "<group>"; };
		EB9C9E4921312AC4003FD0EC /* R_Name_S.entitlements */ = {isa = PBXFileReference; lastKnownFileType = text.plist.entitlements; path = R_Name_S.entitlements; sourceTree = "<group>"; };
		EB9C9E4E21312AC4003FD0EC /* R-Name STests.xctest */ = {isa = PBXFileReference; explicitFileType = wrapper.cfbundle; includeInIndex = 0; path = "R-Name STests.xctest"; sourceTree = BUILT_PRODUCTS_DIR; };
		EB9C9E5221312AC4003FD0EC /* R_Name_STests.swift */ = {isa = PBXFileReference; lastKnownFileType = sourcecode.swift; path = R_Name_STests.swift; sourceTree = "<group>"; };
		EB9C9E5421312AC4003FD0EC /* Info.plist */ = {isa = PBXFileReference; lastKnownFileType = text.plist.xml; path = Info.plist; sourceTree = "<group>"; };
		EB9C9E5921312AC4003FD0EC /* R-Name SUITests.xctest */ = {isa = PBXFileReference; explicitFileType = wrapper.cfbundle; includeInIndex = 0; path = "R-Name SUITests.xctest"; sourceTree = BUILT_PRODUCTS_DIR; };
		EB9C9E5D21312AC4003FD0EC /* R_Name_SUITests.swift */ = {isa = PBXFileReference; lastKnownFileType = sourcecode.swift; path = R_Name_SUITests.swift; sourceTree = "<group>"; };
		EB9C9E5F21312AC4003FD0EC /* Info.plist */ = {isa = PBXFileReference; lastKnownFileType = text.plist.xml; path = Info.plist; sourceTree = "<group>"; };
/* End PBXFileReference section */

/* Begin PBXFrameworksBuildPhase section */
		EB9C9E3921312AC0003FD0EC /* Frameworks */ = {
			isa = PBXFrameworksBuildPhase;
			buildActionMask = 2147483647;
			files = (
			);
			runOnlyForDeploymentPostprocessing = 0;
		};
		EB9C9E4B21312AC4003FD0EC /* Frameworks */ = {
			isa = PBXFrameworksBuildPhase;
			buildActionMask = 2147483647;
			files = (
			);
			runOnlyForDeploymentPostprocessing = 0;
		};
		EB9C9E5621312AC4003FD0EC /* Frameworks */ = {
			isa = PBXFrameworksBuildPhase;
			buildActionMask = 2147483647;
			files = (
			);
			runOnlyForDeploymentPostprocessing = 0;
		};
/* End PBXFrameworksBuildPhase section */

/* Begin PBXGroup section */
		EB9C9E3321312AC0003FD0EC = {
			isa = PBXGroup;
			children = (
				EB9C9E3E21312AC0003FD0EC /* R-Name S */,
				EB9C9E5121312AC4003FD0EC /* R-Name STests */,
				EB9C9E5C21312AC4003FD0EC /* R-Name SUITests */,
				EB9C9E3D21312AC0003FD0EC /* Products */,
			);
			sourceTree = "<group>";
		};
		EB9C9E3D21312AC0003FD0EC /* Products */ = {
			isa = PBXGroup;
			children = (
				EB9C9E3C21312AC0003FD0EC /* R-Name S.app */,
				EB9C9E4E21312AC4003FD0EC /* R-Name STests.xctest */,
				EB9C9E5921312AC4003FD0EC /* R-Name SUITests.xctest */,
			);
			name = Products;
			sourceTree = "<group>";
		};
		EB9C9E3E21312AC0003FD0EC /* R-Name S */ = {
			isa = PBXGroup;
			children = (
				EB9C9E3F21312AC0003FD0EC /* AppDelegate.swift */,
				EB9C9E4121312AC0003FD0EC /* ViewController.swift */,
				EB9C9E4321312AC4003FD0EC /* Assets.xcassets */,
				EB9C9E4521312AC4003FD0EC /* Main.storyboard */,
				EB9C9E4821312AC4003FD0EC /* Info.plist */,
				EB9C9E4921312AC4003FD0EC /* R_Name_S.entitlements */,
			);
			path = "R-Name S";
			sourceTree = "<group>";
		};
		EB9C9E5121312AC4003FD0EC /* R-Name STests */ = {
			isa = PBXGroup;
			children = (
				EB9C9E5221312AC4003FD0EC /* R_Name_STests.swift */,
				EB9C9E5421312AC4003FD0EC /* Info.plist */,
			);
			path = "R-Name STests";
			sourceTree = "<group>";
		};
		EB9C9E5C21312AC4003FD0EC /* R-Name SUITests */ = {
			isa = PBXGroup;
			children = (
				EB9C9E5D21312AC4003FD0EC /* R_Name_SUITests.swift */,
				EB9C9E5F21312AC4003FD0EC /* Info.plist */,
			);
			path = "R-Name SUITests";
			sourceTree = "<group>";
		};
/* End PBXGroup section */

/* Begin PBXNativeTarget section */
		EB9C9E3B21312AC0003FD0EC /* R-Name S */ = {
			isa = PBXNativeTarget;
			buildConfigurationList = EB9C9E6221312AC4003FD0EC /* Build configuration list for PBXNativeTarget "R-Name S" */;
			buildPhases = (
				EB9C9E3821312AC0003FD0EC /* Sources */,
				EB9C9E3921312AC0003FD0EC /* Frameworks */,
				EB9C9E3A21312AC0003FD0EC /* Resources */,
			);
			buildRules = (
			);
			dependencies = (
			);
			name = "R-Name S";
			productName = "R-Name S";
			productReference = EB9C9E3C21312AC0003FD0EC /* R-Name S.app */;
			productType = "com.apple.product-type.application";
		};
		EB9C9E4D21312AC4003FD0EC /* R-Name STests */ = {
			isa = PBXNativeTarget;
			buildConfigurationList = EB9C9E6521312AC4003FD0EC /* Build configuration list for PBXNativeTarget "R-Name STests" */;
			buildPhases = (
				EB9C9E4A21312AC4003FD0EC /* Sources */,
				EB9C9E4B21312AC4003FD0EC /* Frameworks */,
				EB9C9E4C21312AC4003FD0EC /* Resources */,
			);
			buildRules = (
			);
			dependencies = (
				EB9C9E5021312AC4003FD0EC /* PBXTargetDependency */,
			);
			name = "R-Name STests";
			productName = "R-Name STests";
			productReference = EB9C9E4E21312AC4003FD0EC /* R-Name STests.xctest */;
			productType = "com.apple.product-type.bundle.unit-test";
		};
		EB9C9E5821312AC4003FD0EC /* R-Name SUITests */ = {
			isa = PBXNativeTarget;
			buildConfigurationList = EB9C9E6821312AC4003FD0EC /* Build configuration list for PBXNativeTarget "R-Name SUITests" */;
			buildPhases = (
				EB9C9E5521312AC4003FD0EC /* Sources */,
				EB9C9E5621312AC4003FD0EC /* Frameworks */,
				EB9C9E5721312AC4003FD0EC /* Resources */,
			);
			buildRules = (
			);
			dependencies = (
				EB9C9E5B21312AC4003FD0EC /* PBXTargetDependency */,
			);
			name = "R-Name SUITests";
			productName = "R-Name SUITests";
			productReference = EB9C9E5921312AC4003FD0EC /* R-Name SUITests.xctest */;
			productType = "com.apple.product-type.bundle.ui-testing";
		};
/* End PBXNativeTarget section */

/* Begin PBXProject section */
		EB9C9E3421312AC0003FD0EC /* Project object */ = {
			isa = PBXProject;
			attributes = {
				LastSwiftUpdateCheck = 1000;
				LastUpgradeCheck = 1000;
				ORGANIZATIONNAME = p2made;
				TargetAttributes = {
					EB9C9E3B21312AC0003FD0EC = {
						CreatedOnToolsVersion = 10.0;
					};
					EB9C9E4D21312AC4003FD0EC = {
						CreatedOnToolsVersion = 10.0;
						TestTargetID = EB9C9E3B21312AC0003FD0EC;
					};
					EB9C9E5821312AC4003FD0EC = {
						CreatedOnToolsVersion = 10.0;
						TestTargetID = EB9C9E3B21312AC0003FD0EC;
					};
				};
			};
			buildConfigurationList = EB9C9E3721312AC0003FD0EC /* Build configuration list for PBXProject "R-Name S" */;
			compatibilityVersion = "Xcode 9.3";
			developmentRegion = en;
			hasScannedForEncodings = 0;
			knownRegions = (
				en,
				Base,
			);
			mainGroup = EB9C9E3321312AC0003FD0EC;
			productRefGroup = EB9C9E3D21312AC0003FD0EC /* Products */;
			projectDirPath = "";
			projectRoot = "";
			targets = (
				EB9C9E3B21312AC0003FD0EC /* R-Name S */,
				EB9C9E4D21312AC4003FD0EC /* R-Name STests */,
				EB9C9E5821312AC4003FD0EC /* R-Name SUITests */,
			);
		};
/* End PBXProject section */

/* Begin PBXResourcesBuildPhase section */
		EB9C9E3A21312AC0003FD0EC /* Resources */ = {
			isa = PBXResourcesBuildPhase;
			buildActionMask = 2147483647;
			files = (
				EB9C9E4421312AC4003FD0EC /* Assets.xcassets in Resources */,
				EB9C9E4721312AC4003FD0EC /* Main.storyboard in Resources */,
			);
			runOnlyForDeploymentPostprocessing = 0;
		};
		EB9C9E4C21312AC4003FD0EC /* Resources */ = {
			isa = PBXResourcesBuildPhase;
			buildActionMask = 2147483647;
			files = (
			);
			runOnlyForDeploymentPostprocessing = 0;
		};
		EB9C9E5721312AC4003FD0EC /* Resources */ = {
			isa = PBXResourcesBuildPhase;
			buildActionMask = 2147483647;
			files = (
			);
			runOnlyForDeploymentPostprocessing = 0;
		};
/* End PBXResourcesBuildPhase section */

/* Begin PBXSourcesBuildPhase section */
		EB9C9E3821312AC0003FD0EC /* Sources */ = {
			isa = PBXSourcesBuildPhase;
			buildActionMask = 2147483647;
			files = (
				EB9C9E4221312AC0003FD0EC /* ViewController.swift in Sources */,
				EB9C9E4021312AC0003FD0EC /* AppDelegate.swift in Sources */,
			);
			runOnlyForDeploymentPostprocessing = 0;
		};
		EB9C9E4A21312AC4003FD0EC /* Sources */ = {
			isa = PBXSourcesBuildPhase;
			buildActionMask = 2147483647;
			files = (
				EB9C9E5321312AC4003FD0EC /* R_Name_STests.swift in Sources */,
			);
			runOnlyForDeploymentPostprocessing = 0;
		};
		EB9C9E5521312AC4003FD0EC /* Sources */ = {
			isa = PBXSourcesBuildPhase;
			buildActionMask = 2147483647;
			files = (
				EB9C9E5E21312AC4003FD0EC /* R_Name_SUITests.swift in Sources */,
			);
			runOnlyForDeploymentPostprocessing = 0;
		};
/* End PBXSourcesBuildPhase section */

/* Begin PBXTargetDependency section */
		EB9C9E5021312AC4003FD0EC /* PBXTargetDependency */ = {
			isa = PBXTargetDependency;
			target = EB9C9E3B21312AC0003FD0EC /* R-Name S */;
			targetProxy = EB9C9E4F21312AC4003FD0EC /* PBXContainerItemProxy */;
		};
		EB9C9E5B21312AC4003FD0EC /* PBXTargetDependency */ = {
			isa = PBXTargetDependency;
			target = EB9C9E3B21312AC0003FD0EC /* R-Name S */;
			targetProxy = EB9C9E5A21312AC4003FD0EC /* PBXContainerItemProxy */;
		};
/* End PBXTargetDependency section */

/* Begin PBXVariantGroup section */
		EB9C9E4521312AC4003FD0EC /* Main.storyboard */ = {
			isa = PBXVariantGroup;
			children = (
				EB9C9E4621312AC4003FD0EC /* Base */,
			);
			name = Main.storyboard;
			sourceTree = "<group>";
		};
/* End PBXVariantGroup section */

/* Begin XCBuildConfiguration section */
		EB9C9E6021312AC4003FD0EC /* Debug */ = {
			isa = XCBuildConfiguration;
			buildSettings = {
				ALWAYS_SEARCH_USER_PATHS = NO;
				CLANG_ANALYZER_NONNULL = YES;
				CLANG_ANALYZER_NUMBER_OBJECT_CONVERSION = YES_AGGRESSIVE;
				CLANG_CXX_LANGUAGE_STANDARD = "gnu++14";
				CLANG_CXX_LIBRARY = "libc++";
				CLANG_ENABLE_MODULES = YES;
				CLANG_ENABLE_OBJC_ARC = YES;
				CLANG_ENABLE_OBJC_WEAK = YES;
				CLANG_WARN_BLOCK_CAPTURE_AUTORELEASING = YES;
				CLANG_WARN_BOOL_CONVERSION = YES;
				CLANG_WARN_COMMA = YES;
				CLANG_WARN_CONSTANT_CONVERSION = YES;
				CLANG_WARN_DEPRECATED_OBJC_IMPLEMENTATIONS = YES;
				CLANG_WARN_DIRECT_OBJC_ISA_USAGE = YES_ERROR;
				CLANG_WARN_DOCUMENTATION_COMMENTS = YES;
				CLANG_WARN_EMPTY_BODY = YES;
				CLANG_WARN_ENUM_CONVERSION = YES;
				CLANG_WARN_INFINITE_RECURSION = YES;
				CLANG_WARN_INT_CONVERSION = YES;
				CLANG_WARN_NON_LITERAL_NULL_CONVERSION = YES;
				CLANG_WARN_OBJC_IMPLICIT_RETAIN_SELF = YES;
				CLANG_WARN_OBJC_LITERAL_CONVERSION = YES;
				CLANG_WARN_OBJC_ROOT_CLASS = YES_ERROR;
				CLANG_WARN_RANGE_LOOP_ANALYSIS = YES;
				CLANG_WARN_STRICT_PROTOTYPES = YES;
				CLANG_WARN_SUSPICIOUS_MOVE = YES;
				CLANG_WARN_UNGUARDED_AVAILABILITY = YES_AGGRESSIVE;
				CLANG_WARN_UNREACHABLE_CODE = YES;
				CLANG_WARN__DUPLICATE_METHOD_MATCH = YES;
				CODE_SIGN_IDENTITY = "Mac Developer";
				COPY_PHASE_STRIP = NO;
				DEBUG_INFORMATION_FORMAT = dwarf;
				ENABLE_STRICT_OBJC_MSGSEND = YES;
				ENABLE_TESTABILITY = YES;
				GCC_C_LANGUAGE_STANDARD = gnu11;
				GCC_DYNAMIC_NO_PIC = NO;
				GCC_NO_COMMON_BLOCKS = YES;
				GCC_OPTIMIZATION_LEVEL = 0;
				GCC_PREPROCESSOR_DEFINITIONS = (
					"DEBUG=1",
					"$(inherited)",
				);
				GCC_WARN_64_TO_32_BIT_CONVERSION = YES;
				GCC_WARN_ABOUT_RETURN_TYPE = YES_ERROR;
				GCC_WARN_UNDECLARED_SELECTOR = YES;
				GCC_WARN_UNINITIALIZED_AUTOS = YES_AGGRESSIVE;
				GCC_WARN_UNUSED_FUNCTION = YES;
				GCC_WARN_UNUSED_VARIABLE = YES;
				MACOSX_DEPLOYMENT_TARGET = 10.14;
				MTL_ENABLE_DEBUG_INFO = INCLUDE_SOURCE;
				MTL_FAST_MATH = YES;
				ONLY_ACTIVE_ARCH = YES;
				SDKROOT = macosx;
				SWIFT_ACTIVE_COMPILATION_CONDITIONS = DEBUG;
				SWIFT_OPTIMIZATION_LEVEL = "-Onone";
			};
			name = Debug;
		};
		EB9C9E6121312AC4003FD0EC /* Release */ = {
			isa = XCBuildConfiguration;
			buildSettings = {
				ALWAYS_SEARCH_USER_PATHS = NO;
				CLANG_ANALYZER_NONNULL = YES;
				CLANG_ANALYZER_NUMBER_OBJECT_CONVERSION = YES_AGGRESSIVE;
				CLANG_CXX_LANGUAGE_STANDARD = "gnu++14";
				CLANG_CXX_LIBRARY = "libc++";
				CLANG_ENABLE_MODULES = YES;
				CLANG_ENABLE_OBJC_ARC = YES;
				CLANG_ENABLE_OBJC_WEAK = YES;
				CLANG_WARN_BLOCK_CAPTURE_AUTORELEASING = YES;
				CLANG_WARN_BOOL_CONVERSION = YES;
				CLANG_WARN_COMMA = YES;
				CLANG_WARN_CONSTANT_CONVERSION = YES;
				CLANG_WARN_DEPRECATED_OBJC_IMPLEMENTATIONS = YES;
				CLANG_WARN_DIRECT_OBJC_ISA_USAGE = YES_ERROR;
				CLANG_WARN_DOCUMENTATION_COMMENTS = YES;
				CLANG_WARN_EMPTY_BODY = YES;
				CLANG_WARN_ENUM_CONVERSION = YES;
				CLANG_WARN_INFINITE_RECURSION = YES;
				CLANG_WARN_INT_CONVERSION = YES;
				CLANG_WARN_NON_LITERAL_NULL_CONVERSION = YES;
				CLANG_WARN_OBJC_IMPLICIT_RETAIN_SELF = YES;
				CLANG_WARN_OBJC_LITERAL_CONVERSION = YES;
				CLANG_WARN_OBJC_ROOT_CLASS = YES_ERROR;
				CLANG_WARN_RANGE_LOOP_ANALYSIS = YES;
				CLANG_WARN_STRICT_PROTOTYPES = YES;
				CLANG_WARN_SUSPICIOUS_MOVE = YES;
				CLANG_WARN_UNGUARDED_AVAILABILITY = YES_AGGRESSIVE;
				CLANG_WARN_UNREACHABLE_CODE = YES;
				CLANG_WARN__DUPLICATE_METHOD_MATCH = YES;
				CODE_SIGN_IDENTITY = "Mac Developer";
				COPY_PHASE_STRIP = NO;
				DEBUG_INFORMATION_FORMAT = "dwarf-with-dsym";
				ENABLE_NS_ASSERTIONS = NO;
				ENABLE_STRICT_OBJC_MSGSEND = YES;
				GCC_C_LANGUAGE_STANDARD = gnu11;
				GCC_NO_COMMON_BLOCKS = YES;
				GCC_WARN_64_TO_32_BIT_CONVERSION = YES;
				GCC_WARN_ABOUT_RETURN_TYPE = YES_ERROR;
				GCC_WARN_UNDECLARED_SELECTOR = YES;
				GCC_WARN_UNINITIALIZED_AUTOS = YES_AGGRESSIVE;
				GCC_WARN_UNUSED_FUNCTION = YES;
				GCC_WARN_UNUSED_VARIABLE = YES;
				MACOSX_DEPLOYMENT_TARGET = 10.14;
				MTL_ENABLE_DEBUG_INFO = NO;
				MTL_FAST_MATH = YES;
				SDKROOT = macosx;
				SWIFT_COMPILATION_MODE = wholemodule;
				SWIFT_OPTIMIZATION_LEVEL = "-O";
			};
			name = Release;
		};
		EB9C9E6321312AC4003FD0EC /* Debug */ = {
			isa = XCBuildConfiguration;
			buildSettings = {
				ASSETCATALOG_COMPILER_APPICON_NAME = AppIcon;
				CODE_SIGN_ENTITLEMENTS = "R-Name S/R_Name_S.entitlements";
				CODE_SIGN_STYLE = Automatic;
				COMBINE_HIDPI_IMAGES = YES;
				DEVELOPMENT_TEAM = 866K66F75B;
				INFOPLIST_FILE = "R-Name S/Info.plist";
				LD_RUNPATH_SEARCH_PATHS = (
					"$(inherited)",
					"@executable_path/../Frameworks",
				);
				PRODUCT_BUNDLE_IDENTIFIER = "au.net.p2made.R-Name-S";
				PRODUCT_NAME = "$(TARGET_NAME)";
				SWIFT_VERSION = 4.2;
			};
			name = Debug;
		};
		EB9C9E6421312AC4003FD0EC /* Release */ = {
			isa = XCBuildConfiguration;
			buildSettings = {
				ASSETCATALOG_COMPILER_APPICON_NAME = AppIcon;
				CODE_SIGN_ENTITLEMENTS = "R-Name S/R_Name_S.entitlements";
				CODE_SIGN_STYLE = Automatic;
				COMBINE_HIDPI_IMAGES = YES;
				DEVELOPMENT_TEAM = 866K66F75B;
				INFOPLIST_FILE = "R-Name S/Info.plist";
				LD_RUNPATH_SEARCH_PATHS = (
					"$(inherited)",
					"@executable_path/../Frameworks",
				);
				PRODUCT_BUNDLE_IDENTIFIER = "au.net.p2made.R-Name-S";
				PRODUCT_NAME = "$(TARGET_NAME)";
				SWIFT_VERSION = 4.2;
			};
			name = Release;
		};
		EB9C9E6621312AC4003FD0EC /* Debug */ = {
			isa = XCBuildConfiguration;
			buildSettings = {
				ALWAYS_EMBED_SWIFT_STANDARD_LIBRARIES = YES;
				BUNDLE_LOADER = "$(TEST_HOST)";
				CODE_SIGN_STYLE = Automatic;
				COMBINE_HIDPI_IMAGES = YES;
				DEVELOPMENT_TEAM = 866K66F75B;
				INFOPLIST_FILE = "R-Name STests/Info.plist";
				LD_RUNPATH_SEARCH_PATHS = (
					"$(inherited)",
					"@executable_path/../Frameworks",
					"@loader_path/../Frameworks",
				);
				PRODUCT_BUNDLE_IDENTIFIER = "au.net.p2made.R-Name-STests";
				PRODUCT_NAME = "$(TARGET_NAME)";
				SWIFT_VERSION = 4.2;
				TEST_HOST = "$(BUILT_PRODUCTS_DIR)/R-Name S.app/Contents/MacOS/R-Name S";
			};
			name = Debug;
		};
		EB9C9E6721312AC4003FD0EC /* Release */ = {
			isa = XCBuildConfiguration;
			buildSettings = {
				ALWAYS_EMBED_SWIFT_STANDARD_LIBRARIES = YES;
				BUNDLE_LOADER = "$(TEST_HOST)";
				CODE_SIGN_STYLE = Automatic;
				COMBINE_HIDPI_IMAGES = YES;
				DEVELOPMENT_TEAM = 866K66F75B;
				INFOPLIST_FILE = "R-Name STests/Info.plist";
				LD_RUNPATH_SEARCH_PATHS = (
					"$(inherited)",
					"@executable_path/../Frameworks",
					"@loader_path/../Frameworks",
				);
				PRODUCT_BUNDLE_IDENTIFIER = "au.net.p2made.R-Name-STests";
				PRODUCT_NAME = "$(TARGET_NAME)";
				SWIFT_VERSION = 4.2;
				TEST_HOST = "$(BUILT_PRODUCTS_DIR)/R-Name S.app/Contents/MacOS/R-Name S";
			};
			name = Release;
		};
		EB9C9E6921312AC4003FD0EC /* Debug */ = {
			isa = XCBuildConfiguration;
			buildSettings = {
				ALWAYS_EMBED_SWIFT_STANDARD_LIBRARIES = YES;
				CODE_SIGN_STYLE = Automatic;
				COMBINE_HIDPI_IMAGES = YES;
				DEVELOPMENT_TEAM = 866K66F75B;
				INFOPLIST_FILE = "R-Name SUITests/Info.plist";
				LD_RUNPATH_SEARCH_PATHS = (
					"$(inherited)",
					"@executable_path/../Frameworks",
					"@loader_path/../Frameworks",
				);
				PRODUCT_BUNDLE_IDENTIFIER = "au.net.p2made.R-Name-SUITests";
				PRODUCT_NAME = "$(TARGET_NAME)";
				SWIFT_VERSION = 4.2;
				TEST_TARGET_NAME = "R-Name S";
			};
			name = Debug;
		};
		EB9C9E6A21312AC4003FD0EC /* Release */ = {
			isa = XCBuildConfiguration;
			buildSettings = {
				ALWAYS_EMBED_SWIFT_STANDARD_LIBRARIES = YES;
				CODE_SIGN_STYLE = Automatic;
				COMBINE_HIDPI_IMAGES = YES;
				DEVELOPMENT_TEAM = 866K66F75B;
				INFOPLIST_FILE = "R-Name SUITests/Info.plist";
				LD_RUNPATH_SEARCH_PATHS = (
					"$(inherited)",
					"@executable_path/../Frameworks",
					"@loader_path/../Frameworks",
				);
				PRODUCT_BUNDLE_IDENTIFIER = "au.net.p2made.R-Name-SUITests";
				PRODUCT_NAME = "$(TARGET_NAME)";
				SWIFT_VERSION = 4.2;
				TEST_TARGET_NAME = "R-Name S";
			};
			name = Release;
		};
/* End XCBuildConfiguration section */

/* Begin XCConfigurationList section */
		EB9C9E3721312AC0003FD0EC /* Build configuration list for PBXProject "R-Name S" */ = {
			isa = XCConfigurationList;
			buildConfigurations = (
				EB9C9E6021312AC4003FD0EC /* Debug */,
				EB9C9E6121312AC4003FD0EC /* Release */,
			);
			defaultConfigurationIsVisible = 0;
			defaultConfigurationName = Release;
		};
		EB9C9E6221312AC4003FD0EC /* Build configuration list for PBXNativeTarget "R-Name S" */ = {
			isa = XCConfigurationList;
			buildConfigurations = (
				EB9C9E6321312AC4003FD0EC /* Debug */,
				EB9C9E6421312AC4003FD0EC /* Release */,
			);
			defaultConfigurationIsVisible = 0;
			defaultConfigurationName = Release;
		};
		EB9C9E6521312AC4003FD0EC /* Build configuration list for PBXNativeTarget "R-Name STests" */ = {
			isa = XCConfigurationList;
			buildConfigurations = (
				EB9C9E6621312AC4003FD0EC /* Debug */,
				EB9C9E6721312AC4003FD0EC /* Release */,
			);
			defaultConfigurationIsVisible = 0;
			defaultConfigurationName = Release;
		};
		EB9C9E6821312AC4003FD0EC /* Build configuration list for PBXNativeTarget "R-Name SUITests" */ = {
			isa = XCConfigurationList;
			buildConfigurations = (
				EB9C9E6921312AC4003FD0EC /* Debug */,
				EB9C9E6A21312AC4003FD0EC /* Release */,
			);
			defaultConfigurationIsVisible = 0;
			defaultConfigurationName = Release;
		};
/* End XCConfigurationList section */
	};
	rootObject = EB9C9E3421312AC0003FD0EC /* Project object */;
}
