// !$*UTF8*$!
{
	archiveVersion = 1;
	classes = {
	};
	objectVersion = 50;
	objects = {

/* Begin PBXBuildFile section */
		EB51ACE020B2A60700E703D7 /* AppDelegate.swift in Sources */ = {isa = PBXBuildFile; fileRef = EB51ACDF20B2A60700E703D7 /* AppDelegate.swift */; };
		EB51ACE220B2A60700E703D7 /* ViewController.swift in Sources */ = {isa = PBXBuildFile; fileRef = EB51ACE120B2A60700E703D7 /* ViewController.swift */; };
		EB51ACE420B2A61000E703D7 /* Assets.xcassets in Resources */ = {isa = PBXBuildFile; fileRef = EB51ACE320B2A61000E703D7 /* Assets.xcassets */; };
		EB51ACE720B2A61000E703D7 /* Main.storyboard in Resources */ = {isa = PBXBuildFile; fileRef = EB51ACE520B2A61000E703D7 /* Main.storyboard */; };
		EB51ACF320B2A61000E703D7 /* R_Name_STests.swift in Sources */ = {isa = PBXBuildFile; fileRef = EB51ACF220B2A61000E703D7 /* R_Name_STests.swift */; };
		EB51ACFE20B2A61000E703D7 /* R_Name_SUITests.swift in Sources */ = {isa = PBXBuildFile; fileRef = EB51ACFD20B2A61000E703D7 /* R_Name_SUITests.swift */; };
		EB51AD2B20B2A7C800E703D7 /* AppIcon.icns in Resources */ = {isa = PBXBuildFile; fileRef = EB51AD1120B2A7BE00E703D7 /* AppIcon.icns */; };
		EB51AD2C20B2A7C800E703D7 /* FilesRenamer.m in Sources */ = {isa = PBXBuildFile; fileRef = EB51AD1220B2A7BE00E703D7 /* FilesRenamer.m */; };
		EB51AD2D20B2A7C800E703D7 /* TransparentDraggedWindow.m in Sources */ = {isa = PBXBuildFile; fileRef = EB51AD1320B2A7BE00E703D7 /* TransparentDraggedWindow.m */; };
		EB51AD2E20B2A7C800E703D7 /* RNameController.h in Sources */ = {isa = PBXBuildFile; fileRef = EB51AD1420B2A7BE00E703D7 /* RNameController.h */; };
		EB51AD2F20B2A7C800E703D7 /* Japanese.lproj in Resources */ = {isa = PBXBuildFile; fileRef = EB51AD1520B2A7BE00E703D7 /* Japanese.lproj */; };
		EB51AD3020B2A7C800E703D7 /* RNameController.m in Sources */ = {isa = PBXBuildFile; fileRef = EB51AD1620B2A7BE00E703D7 /* RNameController.m */; };
		EB51AD3120B2A7C800E703D7 /* French.lproj in Resources */ = {isa = PBXBuildFile; fileRef = EB51AD1720B2A7BF00E703D7 /* French.lproj */; };
		EB51AD3220B2A7C800E703D7 /* RenamedPathPair.m in Sources */ = {isa = PBXBuildFile; fileRef = EB51AD1820B2A7C000E703D7 /* RenamedPathPair.m */; };
		EB51AD3320B2A7C800E703D7 /* main.m in Sources */ = {isa = PBXBuildFile; fileRef = EB51AD1920B2A7C100E703D7 /* main.m */; };
		EB51AD3420B2A7C800E703D7 /* SequentialNumberChecker.h in Sources */ = {isa = PBXBuildFile; fileRef = EB51AD1A20B2A7C100E703D7 /* SequentialNumberChecker.h */; };
		EB51AD3520B2A7C800E703D7 /* TransparentDraggedWindow.h in Sources */ = {isa = PBXBuildFile; fileRef = EB51AD1B20B2A7C100E703D7 /* TransparentDraggedWindow.h */; };
		EB51AD3620B2A7C800E703D7 /* StringsManager.m in Sources */ = {isa = PBXBuildFile; fileRef = EB51AD1C20B2A7C100E703D7 /* StringsManager.m */; };
		EB51AD3720B2A7C800E703D7 /* RenamedPathPairContainer.m in Sources */ = {isa = PBXBuildFile; fileRef = EB51AD1D20B2A7C200E703D7 /* RenamedPathPairContainer.m */; };
		EB51AD3820B2A7C800E703D7 /* German.lproj in Resources */ = {isa = PBXBuildFile; fileRef = EB51AD1E20B2A7C200E703D7 /* German.lproj */; };
		EB51AD3920B2A7C800E703D7 /* English.lproj in Resources */ = {isa = PBXBuildFile; fileRef = EB51AD1F20B2A7C200E703D7 /* English.lproj */; };
		EB51AD3A20B2A7C800E703D7 /* RenamedPathPairContainer.h in Sources */ = {isa = PBXBuildFile; fileRef = EB51AD2020B2A7C300E703D7 /* RenamedPathPairContainer.h */; };
		EB51AD3B20B2A7C800E703D7 /* RenamedPathPair.h in Sources */ = {isa = PBXBuildFile; fileRef = EB51AD2120B2A7C300E703D7 /* RenamedPathPair.h */; };
		EB51AD3C20B2A7C800E703D7 /* BetterCompareNSString.m in Sources */ = {isa = PBXBuildFile; fileRef = EB51AD2220B2A7C300E703D7 /* BetterCompareNSString.m */; };
		EB51AD3D20B2A7C800E703D7 /* SequentialNumberChecker.m in Sources */ = {isa = PBXBuildFile; fileRef = EB51AD2320B2A7C400E703D7 /* SequentialNumberChecker.m */; };
		EB51AD3E20B2A7C800E703D7 /* ControllerDefinitions.h in Sources */ = {isa = PBXBuildFile; fileRef = EB51AD2420B2A7C500E703D7 /* ControllerDefinitions.h */; };
		EB51AD3F20B2A7C800E703D7 /* PerlWrapper in Resources */ = {isa = PBXBuildFile; fileRef = EB51AD2520B2A7C500E703D7 /* PerlWrapper */; };
		EB51AD4020B2A7C800E703D7 /* Definitions.h in Sources */ = {isa = PBXBuildFile; fileRef = EB51AD2620B2A7C500E703D7 /* Definitions.h */; };
		EB51AD4120B2A7C800E703D7 /* Info-R_Name__Upgraded_.plist in Resources */ = {isa = PBXBuildFile; fileRef = EB51AD2720B2A7C600E703D7 /* Info-R_Name__Upgraded_.plist */; };
		EB51AD4220B2A7C800E703D7 /* BetterCompareNSString.h in Sources */ = {isa = PBXBuildFile; fileRef = EB51AD2820B2A7C600E703D7 /* BetterCompareNSString.h */; };
		EB51AD4320B2A7C800E703D7 /* StringsManager.h in Sources */ = {isa = PBXBuildFile; fileRef = EB51AD2920B2A7C600E703D7 /* StringsManager.h */; };
		EB51AD4420B2A7C800E703D7 /* FilesRenamer.h in Sources */ = {isa = PBXBuildFile; fileRef = EB51AD2A20B2A7C700E703D7 /* FilesRenamer.h */; };
		EB51AD4720B2A89C00E703D7 /* Definitions.swift in Sources */ = {isa = PBXBuildFile; fileRef = EB51AD4620B2A89C00E703D7 /* Definitions.swift */; };
		EB51AD4B20B2A8AC00E703D7 /* R-Name-Bridging-Header.h in Sources */ = {isa = PBXBuildFile; fileRef = EB51AD4820B2A8AB00E703D7 /* R-Name-Bridging-Header.h */; };
		EB51AD4C20B2A8AC00E703D7 /* R-NameTests-Bridging-Header.h in Sources */ = {isa = PBXBuildFile; fileRef = EB51AD4920B2A8AB00E703D7 /* R-NameTests-Bridging-Header.h */; };
		EB51AD4D20B2A8AC00E703D7 /* R-NameUITests-Bridging-Header.h in Sources */ = {isa = PBXBuildFile; fileRef = EB51AD4A20B2A8AB00E703D7 /* R-NameUITests-Bridging-Header.h */; };
		EB51AD4F20B2A97100E703D7 /* ControllerDefinitions.swift in Sources */ = {isa = PBXBuildFile; fileRef = EB51AD4E20B2A97100E703D7 /* ControllerDefinitions.swift */; };
		EB51AD5020B2A97100E703D7 /* ControllerDefinitions.swift in Sources */ = {isa = PBXBuildFile; fileRef = EB51AD4E20B2A97100E703D7 /* ControllerDefinitions.swift */; };
		EB51AD5120B2A97100E703D7 /* ControllerDefinitions.swift in Sources */ = {isa = PBXBuildFile; fileRef = EB51AD4E20B2A97100E703D7 /* ControllerDefinitions.swift */; };
/* End PBXBuildFile section */

/* Begin PBXContainerItemProxy section */
		EB51ACEF20B2A61000E703D7 /* PBXContainerItemProxy */ = {
			isa = PBXContainerItemProxy;
			containerPortal = EB51ACD420B2A60700E703D7 /* Project object */;
			proxyType = 1;
			remoteGlobalIDString = EB51ACDB20B2A60700E703D7;
			remoteInfo = "R-Name S";
		};
		EB51ACFA20B2A61000E703D7 /* PBXContainerItemProxy */ = {
			isa = PBXContainerItemProxy;
			containerPortal = EB51ACD420B2A60700E703D7 /* Project object */;
			proxyType = 1;
			remoteGlobalIDString = EB51ACDB20B2A60700E703D7;
			remoteInfo = "R-Name S";
		};
/* End PBXContainerItemProxy section */

/* Begin PBXFileReference section */
		EB51ACDC20B2A60700E703D7 /* R-Name S.app */ = {isa = PBXFileReference; explicitFileType = wrapper.application; includeInIndex = 0; path = "R-Name S.app"; sourceTree = BUILT_PRODUCTS_DIR; };
		EB51ACDF20B2A60700E703D7 /* AppDelegate.swift */ = {isa = PBXFileReference; lastKnownFileType = sourcecode.swift; path = AppDelegate.swift; sourceTree = "<group>"; };
		EB51ACE120B2A60700E703D7 /* ViewController.swift */ = {isa = PBXFileReference; lastKnownFileType = sourcecode.swift; path = ViewController.swift; sourceTree = "<group>"; };
		EB51ACE320B2A61000E703D7 /* Assets.xcassets */ = {isa = PBXFileReference; lastKnownFileType = folder.assetcatalog; path = Assets.xcassets; sourceTree = "<group>"; };
		EB51ACE620B2A61000E703D7 /* Base */ = {isa = PBXFileReference; lastKnownFileType = file.storyboard; name = Base; path = Base.lproj/Main.storyboard; sourceTree = "<group>"; };
		EB51ACE820B2A61000E703D7 /* Info.plist */ = {isa = PBXFileReference; lastKnownFileType = text.plist.xml; path = Info.plist; sourceTree = "<group>"; };
		EB51ACE920B2A61000E703D7 /* R_Name_S.entitlements */ = {isa = PBXFileReference; lastKnownFileType = text.plist.entitlements; path = R_Name_S.entitlements; sourceTree = "<group>"; };
		EB51ACEE20B2A61000E703D7 /* R-Name STests.xctest */ = {isa = PBXFileReference; explicitFileType = wrapper.cfbundle; includeInIndex = 0; path = "R-Name STests.xctest"; sourceTree = BUILT_PRODUCTS_DIR; };
		EB51ACF220B2A61000E703D7 /* R_Name_STests.swift */ = {isa = PBXFileReference; lastKnownFileType = sourcecode.swift; path = R_Name_STests.swift; sourceTree = "<group>"; };
		EB51ACF420B2A61000E703D7 /* Info.plist */ = {isa = PBXFileReference; lastKnownFileType = text.plist.xml; path = Info.plist; sourceTree = "<group>"; };
		EB51ACF920B2A61000E703D7 /* R-Name SUITests.xctest */ = {isa = PBXFileReference; explicitFileType = wrapper.cfbundle; includeInIndex = 0; path = "R-Name SUITests.xctest"; sourceTree = BUILT_PRODUCTS_DIR; };
		EB51ACFD20B2A61000E703D7 /* R_Name_SUITests.swift */ = {isa = PBXFileReference; lastKnownFileType = sourcecode.swift; path = R_Name_SUITests.swift; sourceTree = "<group>"; };
		EB51ACFF20B2A61000E703D7 /* Info.plist */ = {isa = PBXFileReference; lastKnownFileType = text.plist.xml; path = Info.plist; sourceTree = "<group>"; };
		EB51AD1020B2A7BD00E703D7 /* R-Name S-Bridging-Header.h */ = {isa = PBXFileReference; lastKnownFileType = sourcecode.objj.h; path = "R-Name S-Bridging-Header.h"; sourceTree = "<group>"; };
		EB51AD1120B2A7BE00E703D7 /* AppIcon.icns */ = {isa = PBXFileReference; lastKnownFileType = image.icns; path = AppIcon.icns; sourceTree = "<group>"; };
		EB51AD1220B2A7BE00E703D7 /* FilesRenamer.m */ = {isa = PBXFileReference; fileEncoding = 4; lastKnownFileType = sourcecode.c.objc; path = FilesRenamer.m; sourceTree = "<group>"; };
		EB51AD1320B2A7BE00E703D7 /* TransparentDraggedWindow.m */ = {isa = PBXFileReference; fileEncoding = 4; lastKnownFileType = sourcecode.c.objc; path = TransparentDraggedWindow.m; sourceTree = "<group>"; };
		EB51AD1420B2A7BE00E703D7 /* RNameController.h */ = {isa = PBXFileReference; fileEncoding = 4; lastKnownFileType = sourcecode.objj.h; path = RNameController.h; sourceTree = "<group>"; };
		EB51AD1520B2A7BE00E703D7 /* Japanese.lproj */ = {isa = PBXFileReference; lastKnownFileType = folder; path = Japanese.lproj; sourceTree = "<group>"; };
		EB51AD1620B2A7BE00E703D7 /* RNameController.m */ = {isa = PBXFileReference; fileEncoding = 4; lastKnownFileType = sourcecode.c.objc; path = RNameController.m; sourceTree = "<group>"; };
		EB51AD1720B2A7BF00E703D7 /* French.lproj */ = {isa = PBXFileReference; lastKnownFileType = folder; path = French.lproj; sourceTree = "<group>"; };
		EB51AD1820B2A7C000E703D7 /* RenamedPathPair.m */ = {isa = PBXFileReference; fileEncoding = 4; lastKnownFileType = sourcecode.c.objc; path = RenamedPathPair.m; sourceTree = "<group>"; };
		EB51AD1920B2A7C100E703D7 /* main.m */ = {isa = PBXFileReference; fileEncoding = 4; lastKnownFileType = sourcecode.c.objc; path = main.m; sourceTree = "<group>"; };
		EB51AD1A20B2A7C100E703D7 /* SequentialNumberChecker.h */ = {isa = PBXFileReference; fileEncoding = 4; lastKnownFileType = sourcecode.objj.h; path = SequentialNumberChecker.h; sourceTree = "<group>"; };
		EB51AD1B20B2A7C100E703D7 /* TransparentDraggedWindow.h */ = {isa = PBXFileReference; fileEncoding = 4; lastKnownFileType = sourcecode.objj.h; path = TransparentDraggedWindow.h; sourceTree = "<group>"; };
		EB51AD1C20B2A7C100E703D7 /* StringsManager.m */ = {isa = PBXFileReference; fileEncoding = 4; lastKnownFileType = sourcecode.c.objc; path = StringsManager.m; sourceTree = "<group>"; };
		EB51AD1D20B2A7C200E703D7 /* RenamedPathPairContainer.m */ = {isa = PBXFileReference; fileEncoding = 4; lastKnownFileType = sourcecode.c.objc; path = RenamedPathPairContainer.m; sourceTree = "<group>"; };
		EB51AD1E20B2A7C200E703D7 /* German.lproj */ = {isa = PBXFileReference; lastKnownFileType = folder; path = German.lproj; sourceTree = "<group>"; };
		EB51AD1F20B2A7C200E703D7 /* English.lproj */ = {isa = PBXFileReference; lastKnownFileType = folder; path = English.lproj; sourceTree = "<group>"; };
		EB51AD2020B2A7C300E703D7 /* RenamedPathPairContainer.h */ = {isa = PBXFileReference; fileEncoding = 4; lastKnownFileType = sourcecode.objj.h; path = RenamedPathPairContainer.h; sourceTree = "<group>"; };
		EB51AD2120B2A7C300E703D7 /* RenamedPathPair.h */ = {isa = PBXFileReference; fileEncoding = 4; lastKnownFileType = sourcecode.objj.h; path = RenamedPathPair.h; sourceTree = "<group>"; };
		EB51AD2220B2A7C300E703D7 /* BetterCompareNSString.m */ = {isa = PBXFileReference; fileEncoding = 4; lastKnownFileType = sourcecode.c.objc; path = BetterCompareNSString.m; sourceTree = "<group>"; };
		EB51AD2320B2A7C400E703D7 /* SequentialNumberChecker.m */ = {isa = PBXFileReference; fileEncoding = 4; lastKnownFileType = sourcecode.c.objc; path = SequentialNumberChecker.m; sourceTree = "<group>"; };
		EB51AD2420B2A7C500E703D7 /* ControllerDefinitions.h */ = {isa = PBXFileReference; fileEncoding = 4; lastKnownFileType = sourcecode.objj.h; path = ControllerDefinitions.h; sourceTree = "<group>"; };
		EB51AD2520B2A7C500E703D7 /* PerlWrapper */ = {isa = PBXFileReference; lastKnownFileType = folder; path = PerlWrapper; sourceTree = "<group>"; };
		EB51AD2620B2A7C500E703D7 /* Definitions.h */ = {isa = PBXFileReference; fileEncoding = 4; lastKnownFileType = sourcecode.objj.h; path = Definitions.h; sourceTree = "<group>"; };
		EB51AD2720B2A7C600E703D7 /* Info-R_Name__Upgraded_.plist */ = {isa = PBXFileReference; fileEncoding = 4; lastKnownFileType = text.plist.xml; path = "Info-R_Name__Upgraded_.plist"; sourceTree = "<group>"; };
		EB51AD2820B2A7C600E703D7 /* BetterCompareNSString.h */ = {isa = PBXFileReference; fileEncoding = 4; lastKnownFileType = sourcecode.objj.h; path = BetterCompareNSString.h; sourceTree = "<group>"; };
		EB51AD2920B2A7C600E703D7 /* StringsManager.h */ = {isa = PBXFileReference; fileEncoding = 4; lastKnownFileType = sourcecode.objj.h; path = StringsManager.h; sourceTree = "<group>"; };
		EB51AD2A20B2A7C700E703D7 /* FilesRenamer.h */ = {isa = PBXFileReference; fileEncoding = 4; lastKnownFileType = sourcecode.objj.h; path = FilesRenamer.h; sourceTree = "<group>"; };
		EB51AD4620B2A89C00E703D7 /* Definitions.swift */ = {isa = PBXFileReference; fileEncoding = 4; lastKnownFileType = sourcecode.swift; path = Definitions.swift; sourceTree = "<group>"; };
		EB51AD4820B2A8AB00E703D7 /* R-Name-Bridging-Header.h */ = {isa = PBXFileReference; fileEncoding = 4; lastKnownFileType = sourcecode.objj.h; path = "R-Name-Bridging-Header.h"; sourceTree = "<group>"; };
		EB51AD4920B2A8AB00E703D7 /* R-NameTests-Bridging-Header.h */ = {isa = PBXFileReference; fileEncoding = 4; lastKnownFileType = sourcecode.objj.h; path = "R-NameTests-Bridging-Header.h"; sourceTree = "<group>"; };
		EB51AD4A20B2A8AB00E703D7 /* R-NameUITests-Bridging-Header.h */ = {isa = PBXFileReference; fileEncoding = 4; lastKnownFileType = sourcecode.objj.h; path = "R-NameUITests-Bridging-Header.h"; sourceTree = "<group>"; };
		EB51AD4E20B2A97100E703D7 /* ControllerDefinitions.swift */ = {isa = PBXFileReference; lastKnownFileType = sourcecode.swift; path = ControllerDefinitions.swift; sourceTree = "<group>"; };
/* End PBXFileReference section */

/* Begin PBXFrameworksBuildPhase section */
		EB51ACD920B2A60700E703D7 /* Frameworks */ = {
			isa = PBXFrameworksBuildPhase;
			buildActionMask = 2147483647;
			files = (
			);
			runOnlyForDeploymentPostprocessing = 0;
		};
		EB51ACEB20B2A61000E703D7 /* Frameworks */ = {
			isa = PBXFrameworksBuildPhase;
			buildActionMask = 2147483647;
			files = (
			);
			runOnlyForDeploymentPostprocessing = 0;
		};
		EB51ACF620B2A61000E703D7 /* Frameworks */ = {
			isa = PBXFrameworksBuildPhase;
			buildActionMask = 2147483647;
			files = (
			);
			runOnlyForDeploymentPostprocessing = 0;
		};
/* End PBXFrameworksBuildPhase section */

/* Begin PBXGroup section */
		EB51ACD320B2A60700E703D7 = {
			isa = PBXGroup;
			children = (
				EB51ACDE20B2A60700E703D7 /* R-Name S */,
				EB51ACF120B2A61000E703D7 /* R-Name STests */,
				EB51ACFC20B2A61000E703D7 /* R-Name SUITests */,
				EB51ACDD20B2A60700E703D7 /* Products */,
			);
			sourceTree = "<group>";
		};
		EB51ACDD20B2A60700E703D7 /* Products */ = {
			isa = PBXGroup;
			children = (
				EB51ACDC20B2A60700E703D7 /* R-Name S.app */,
				EB51ACEE20B2A61000E703D7 /* R-Name STests.xctest */,
				EB51ACF920B2A61000E703D7 /* R-Name SUITests.xctest */,
			);
			name = Products;
			sourceTree = "<group>";
		};
		EB51ACDE20B2A60700E703D7 /* R-Name S */ = {
			isa = PBXGroup;
			children = (
				EB51AD0B20B2A71600E703D7 /* Classes */,
				EB51AD4520B2A84F00E703D7 /* Definitions */,
				EB51ACDF20B2A60700E703D7 /* AppDelegate.swift */,
				EB51ACE120B2A60700E703D7 /* ViewController.swift */,
				EB51ACE320B2A61000E703D7 /* Assets.xcassets */,
				EB51ACE520B2A61000E703D7 /* Main.storyboard */,
				EB51ACE820B2A61000E703D7 /* Info.plist */,
				EB51ACE920B2A61000E703D7 /* R_Name_S.entitlements */,
				EB51AD0E20B2A75900E703D7 /* Bridging */,
				EB51AD0F20B2A77100E703D7 /* Objective C */,
			);
			path = "R-Name S";
			sourceTree = "<group>";
		};
		EB51ACF120B2A61000E703D7 /* R-Name STests */ = {
			isa = PBXGroup;
			children = (
				EB51ACF220B2A61000E703D7 /* R_Name_STests.swift */,
				EB51ACF420B2A61000E703D7 /* Info.plist */,
			);
			path = "R-Name STests";
			sourceTree = "<group>";
		};
		EB51ACFC20B2A61000E703D7 /* R-Name SUITests */ = {
			isa = PBXGroup;
			children = (
				EB51ACFD20B2A61000E703D7 /* R_Name_SUITests.swift */,
				EB51ACFF20B2A61000E703D7 /* Info.plist */,
			);
			path = "R-Name SUITests";
			sourceTree = "<group>";
		};
		EB51AD0B20B2A71600E703D7 /* Classes */ = {
			isa = PBXGroup;
			children = (
			);
			path = Classes;
			sourceTree = "<group>";
		};
		EB51AD0E20B2A75900E703D7 /* Bridging */ = {
			isa = PBXGroup;
			children = (
				EB51AD4820B2A8AB00E703D7 /* R-Name-Bridging-Header.h */,
				EB51AD4920B2A8AB00E703D7 /* R-NameTests-Bridging-Header.h */,
				EB51AD4A20B2A8AB00E703D7 /* R-NameUITests-Bridging-Header.h */,
				EB51AD1020B2A7BD00E703D7 /* R-Name S-Bridging-Header.h */,
			);
			path = Bridging;
			sourceTree = "<group>";
		};
		EB51AD0F20B2A77100E703D7 /* Objective C */ = {
			isa = PBXGroup;
			children = (
				EB51AD2520B2A7C500E703D7 /* PerlWrapper */,
				EB51AD2820B2A7C600E703D7 /* BetterCompareNSString.h */,
				EB51AD2220B2A7C300E703D7 /* BetterCompareNSString.m */,
				EB51AD2420B2A7C500E703D7 /* ControllerDefinitions.h */,
				EB51AD2620B2A7C500E703D7 /* Definitions.h */,
				EB51AD2A20B2A7C700E703D7 /* FilesRenamer.h */,
				EB51AD1220B2A7BE00E703D7 /* FilesRenamer.m */,
				EB51AD1920B2A7C100E703D7 /* main.m */,
				EB51AD2120B2A7C300E703D7 /* RenamedPathPair.h */,
				EB51AD1820B2A7C000E703D7 /* RenamedPathPair.m */,
				EB51AD2020B2A7C300E703D7 /* RenamedPathPairContainer.h */,
				EB51AD1D20B2A7C200E703D7 /* RenamedPathPairContainer.m */,
				EB51AD1420B2A7BE00E703D7 /* RNameController.h */,
				EB51AD1620B2A7BE00E703D7 /* RNameController.m */,
				EB51AD1A20B2A7C100E703D7 /* SequentialNumberChecker.h */,
				EB51AD2320B2A7C400E703D7 /* SequentialNumberChecker.m */,
				EB51AD2920B2A7C600E703D7 /* StringsManager.h */,
				EB51AD1C20B2A7C100E703D7 /* StringsManager.m */,
				EB51AD1B20B2A7C100E703D7 /* TransparentDraggedWindow.h */,
				EB51AD1320B2A7BE00E703D7 /* TransparentDraggedWindow.m */,
				EB51AD2720B2A7C600E703D7 /* Info-R_Name__Upgraded_.plist */,
				EB51AD1120B2A7BE00E703D7 /* AppIcon.icns */,
				EB51AD1F20B2A7C200E703D7 /* English.lproj */,
				EB51AD1720B2A7BF00E703D7 /* French.lproj */,
				EB51AD1E20B2A7C200E703D7 /* German.lproj */,
				EB51AD1520B2A7BE00E703D7 /* Japanese.lproj */,
			);
			path = "Objective C";
			sourceTree = "<group>";
		};
		EB51AD4520B2A84F00E703D7 /* Definitions */ = {
			isa = PBXGroup;
			children = (
				EB51AD4E20B2A97100E703D7 /* ControllerDefinitions.swift */,
				EB51AD4620B2A89C00E703D7 /* Definitions.swift */,
			);
			path = Definitions;
			sourceTree = "<group>";
		};
/* End PBXGroup section */

/* Begin PBXNativeTarget section */
		EB51ACDB20B2A60700E703D7 /* R-Name S */ = {
			isa = PBXNativeTarget;
			buildConfigurationList = EB51AD0220B2A61000E703D7 /* Build configuration list for PBXNativeTarget "R-Name S" */;
			buildPhases = (
				EB51ACD820B2A60700E703D7 /* Sources */,
				EB51ACD920B2A60700E703D7 /* Frameworks */,
				EB51ACDA20B2A60700E703D7 /* Resources */,
			);
			buildRules = (
			);
			dependencies = (
			);
			name = "R-Name S";
			productName = "R-Name S";
			productReference = EB51ACDC20B2A60700E703D7 /* R-Name S.app */;
			productType = "com.apple.product-type.application";
		};
		EB51ACED20B2A61000E703D7 /* R-Name STests */ = {
			isa = PBXNativeTarget;
			buildConfigurationList = EB51AD0520B2A61000E703D7 /* Build configuration list for PBXNativeTarget "R-Name STests" */;
			buildPhases = (
				EB51ACEA20B2A61000E703D7 /* Sources */,
				EB51ACEB20B2A61000E703D7 /* Frameworks */,
				EB51ACEC20B2A61000E703D7 /* Resources */,
			);
			buildRules = (
			);
			dependencies = (
				EB51ACF020B2A61000E703D7 /* PBXTargetDependency */,
			);
			name = "R-Name STests";
			productName = "R-Name STests";
			productReference = EB51ACEE20B2A61000E703D7 /* R-Name STests.xctest */;
			productType = "com.apple.product-type.bundle.unit-test";
		};
		EB51ACF820B2A61000E703D7 /* R-Name SUITests */ = {
			isa = PBXNativeTarget;
			buildConfigurationList = EB51AD0820B2A61000E703D7 /* Build configuration list for PBXNativeTarget "R-Name SUITests" */;
			buildPhases = (
				EB51ACF520B2A61000E703D7 /* Sources */,
				EB51ACF620B2A61000E703D7 /* Frameworks */,
				EB51ACF720B2A61000E703D7 /* Resources */,
			);
			buildRules = (
			);
			dependencies = (
				EB51ACFB20B2A61000E703D7 /* PBXTargetDependency */,
			);
			name = "R-Name SUITests";
			productName = "R-Name SUITests";
			productReference = EB51ACF920B2A61000E703D7 /* R-Name SUITests.xctest */;
			productType = "com.apple.product-type.bundle.ui-testing";
		};
/* End PBXNativeTarget section */

/* Begin PBXProject section */
		EB51ACD420B2A60700E703D7 /* Project object */ = {
			isa = PBXProject;
			attributes = {
				LastSwiftUpdateCheck = 0930;
				LastUpgradeCheck = 0930;
				ORGANIZATIONNAME = p2made;
				TargetAttributes = {
					EB51ACDB20B2A60700E703D7 = {
						CreatedOnToolsVersion = 9.3.1;
						LastSwiftMigration = 0930;
					};
					EB51ACED20B2A61000E703D7 = {
						CreatedOnToolsVersion = 9.3.1;
						TestTargetID = EB51ACDB20B2A60700E703D7;
					};
					EB51ACF820B2A61000E703D7 = {
						CreatedOnToolsVersion = 9.3.1;
						TestTargetID = EB51ACDB20B2A60700E703D7;
					};
				};
			};
			buildConfigurationList = EB51ACD720B2A60700E703D7 /* Build configuration list for PBXProject "R-Name S" */;
			compatibilityVersion = "Xcode 9.3";
			developmentRegion = en;
			hasScannedForEncodings = 0;
			knownRegions = (
				en,
				Base,
			);
			mainGroup = EB51ACD320B2A60700E703D7;
			productRefGroup = EB51ACDD20B2A60700E703D7 /* Products */;
			projectDirPath = "";
			projectRoot = "";
			targets = (
				EB51ACDB20B2A60700E703D7 /* R-Name S */,
				EB51ACED20B2A61000E703D7 /* R-Name STests */,
				EB51ACF820B2A61000E703D7 /* R-Name SUITests */,
			);
		};
/* End PBXProject section */

/* Begin PBXResourcesBuildPhase section */
		EB51ACDA20B2A60700E703D7 /* Resources */ = {
			isa = PBXResourcesBuildPhase;
			buildActionMask = 2147483647;
			files = (
				EB51AD4120B2A7C800E703D7 /* Info-R_Name__Upgraded_.plist in Resources */,
				EB51ACE420B2A61000E703D7 /* Assets.xcassets in Resources */,
				EB51AD3920B2A7C800E703D7 /* English.lproj in Resources */,
				EB51AD3820B2A7C800E703D7 /* German.lproj in Resources */,
				EB51ACE720B2A61000E703D7 /* Main.storyboard in Resources */,
				EB51AD3120B2A7C800E703D7 /* French.lproj in Resources */,
				EB51AD2F20B2A7C800E703D7 /* Japanese.lproj in Resources */,
				EB51AD2B20B2A7C800E703D7 /* AppIcon.icns in Resources */,
				EB51AD3F20B2A7C800E703D7 /* PerlWrapper in Resources */,
			);
			runOnlyForDeploymentPostprocessing = 0;
		};
		EB51ACEC20B2A61000E703D7 /* Resources */ = {
			isa = PBXResourcesBuildPhase;
			buildActionMask = 2147483647;
			files = (
			);
			runOnlyForDeploymentPostprocessing = 0;
		};
		EB51ACF720B2A61000E703D7 /* Resources */ = {
			isa = PBXResourcesBuildPhase;
			buildActionMask = 2147483647;
			files = (
			);
			runOnlyForDeploymentPostprocessing = 0;
		};
/* End PBXResourcesBuildPhase section */

/* Begin PBXSourcesBuildPhase section */
		EB51ACD820B2A60700E703D7 /* Sources */ = {
			isa = PBXSourcesBuildPhase;
			buildActionMask = 2147483647;
			files = (
				EB51AD3C20B2A7C800E703D7 /* BetterCompareNSString.m in Sources */,
				EB51ACE220B2A60700E703D7 /* ViewController.swift in Sources */,
				EB51AD3220B2A7C800E703D7 /* RenamedPathPair.m in Sources */,
				EB51AD4220B2A7C800E703D7 /* BetterCompareNSString.h in Sources */,
				EB51AD4720B2A89C00E703D7 /* Definitions.swift in Sources */,
				EB51AD4D20B2A8AC00E703D7 /* R-NameUITests-Bridging-Header.h in Sources */,
				EB51AD3420B2A7C800E703D7 /* SequentialNumberChecker.h in Sources */,
				EB51AD2E20B2A7C800E703D7 /* RNameController.h in Sources */,
				EB51AD3B20B2A7C800E703D7 /* RenamedPathPair.h in Sources */,
				EB51AD2D20B2A7C800E703D7 /* TransparentDraggedWindow.m in Sources */,
				EB51AD3E20B2A7C800E703D7 /* ControllerDefinitions.h in Sources */,
				EB51AD2C20B2A7C800E703D7 /* FilesRenamer.m in Sources */,
				EB51AD3A20B2A7C800E703D7 /* RenamedPathPairContainer.h in Sources */,
				EB51AD4320B2A7C800E703D7 /* StringsManager.h in Sources */,
				EB51AD4F20B2A97100E703D7 /* ControllerDefinitions.swift in Sources */,
				EB51AD4420B2A7C800E703D7 /* FilesRenamer.h in Sources */,
				EB51AD3520B2A7C800E703D7 /* TransparentDraggedWindow.h in Sources */,
				EB51AD4B20B2A8AC00E703D7 /* R-Name-Bridging-Header.h in Sources */,
				EB51ACE020B2A60700E703D7 /* AppDelegate.swift in Sources */,
				EB51AD3320B2A7C800E703D7 /* main.m in Sources */,
				EB51AD3720B2A7C800E703D7 /* RenamedPathPairContainer.m in Sources */,
				EB51AD3D20B2A7C800E703D7 /* SequentialNumberChecker.m in Sources */,
				EB51AD4020B2A7C800E703D7 /* Definitions.h in Sources */,
				EB51AD3020B2A7C800E703D7 /* RNameController.m in Sources */,
				EB51AD3620B2A7C800E703D7 /* StringsManager.m in Sources */,
				EB51AD4C20B2A8AC00E703D7 /* R-NameTests-Bridging-Header.h in Sources */,
			);
			runOnlyForDeploymentPostprocessing = 0;
		};
		EB51ACEA20B2A61000E703D7 /* Sources */ = {
			isa = PBXSourcesBuildPhase;
			buildActionMask = 2147483647;
			files = (
				EB51AD5020B2A97100E703D7 /* ControllerDefinitions.swift in Sources */,
				EB51ACF320B2A61000E703D7 /* R_Name_STests.swift in Sources */,
			);
			runOnlyForDeploymentPostprocessing = 0;
		};
		EB51ACF520B2A61000E703D7 /* Sources */ = {
			isa = PBXSourcesBuildPhase;
			buildActionMask = 2147483647;
			files = (
				EB51AD5120B2A97100E703D7 /* ControllerDefinitions.swift in Sources */,
				EB51ACFE20B2A61000E703D7 /* R_Name_SUITests.swift in Sources */,
			);
			runOnlyForDeploymentPostprocessing = 0;
		};
/* End PBXSourcesBuildPhase section */

/* Begin PBXTargetDependency section */
		EB51ACF020B2A61000E703D7 /* PBXTargetDependency */ = {
			isa = PBXTargetDependency;
			target = EB51ACDB20B2A60700E703D7 /* R-Name S */;
			targetProxy = EB51ACEF20B2A61000E703D7 /* PBXContainerItemProxy */;
		};
		EB51ACFB20B2A61000E703D7 /* PBXTargetDependency */ = {
			isa = PBXTargetDependency;
			target = EB51ACDB20B2A60700E703D7 /* R-Name S */;
			targetProxy = EB51ACFA20B2A61000E703D7 /* PBXContainerItemProxy */;
		};
/* End PBXTargetDependency section */

/* Begin PBXVariantGroup section */
		EB51ACE520B2A61000E703D7 /* Main.storyboard */ = {
			isa = PBXVariantGroup;
			children = (
				EB51ACE620B2A61000E703D7 /* Base */,
			);
			name = Main.storyboard;
			sourceTree = "<group>";
		};
/* End PBXVariantGroup section */

/* Begin XCBuildConfiguration section */
		EB51AD0020B2A61000E703D7 /* Debug */ = {
			isa = XCBuildConfiguration;
			buildSettings = {
				ALWAYS_SEARCH_USER_PATHS = NO;
				CLANG_ANALYZER_NONNULL = YES;
				CLANG_ANALYZER_NUMBER_OBJECT_CONVERSION = YES_AGGRESSIVE;
				CLANG_CXX_LANGUAGE_STANDARD = "gnu++14";
				CLANG_CXX_LIBRARY = "libc++";
				CLANG_ENABLE_MODULES = YES;
				CLANG_ENABLE_OBJC_ARC = YES;
				CLANG_ENABLE_OBJC_WEAK = YES;
				CLANG_WARN_BLOCK_CAPTURE_AUTORELEASING = YES;
				CLANG_WARN_BOOL_CONVERSION = YES;
				CLANG_WARN_COMMA = YES;
				CLANG_WARN_CONSTANT_CONVERSION = YES;
				CLANG_WARN_DEPRECATED_OBJC_IMPLEMENTATIONS = YES;
				CLANG_WARN_DIRECT_OBJC_ISA_USAGE = YES_ERROR;
				CLANG_WARN_DOCUMENTATION_COMMENTS = YES;
				CLANG_WARN_EMPTY_BODY = YES;
				CLANG_WARN_ENUM_CONVERSION = YES;
				CLANG_WARN_INFINITE_RECURSION = YES;
				CLANG_WARN_INT_CONVERSION = YES;
				CLANG_WARN_NON_LITERAL_NULL_CONVERSION = YES;
				CLANG_WARN_OBJC_IMPLICIT_RETAIN_SELF = YES;
				CLANG_WARN_OBJC_LITERAL_CONVERSION = YES;
				CLANG_WARN_OBJC_ROOT_CLASS = YES_ERROR;
				CLANG_WARN_RANGE_LOOP_ANALYSIS = YES;
				CLANG_WARN_STRICT_PROTOTYPES = YES;
				CLANG_WARN_SUSPICIOUS_MOVE = YES;
				CLANG_WARN_UNGUARDED_AVAILABILITY = YES_AGGRESSIVE;
				CLANG_WARN_UNREACHABLE_CODE = YES;
				CLANG_WARN__DUPLICATE_METHOD_MATCH = YES;
				CODE_SIGN_IDENTITY = "Mac Developer";
				COPY_PHASE_STRIP = NO;
				DEBUG_INFORMATION_FORMAT = dwarf;
				ENABLE_STRICT_OBJC_MSGSEND = YES;
				ENABLE_TESTABILITY = YES;
				GCC_C_LANGUAGE_STANDARD = gnu11;
				GCC_DYNAMIC_NO_PIC = NO;
				GCC_NO_COMMON_BLOCKS = YES;
				GCC_OPTIMIZATION_LEVEL = 0;
				GCC_PREPROCESSOR_DEFINITIONS = (
					"DEBUG=1",
					"$(inherited)",
				);
				GCC_WARN_64_TO_32_BIT_CONVERSION = YES;
				GCC_WARN_ABOUT_RETURN_TYPE = YES_ERROR;
				GCC_WARN_UNDECLARED_SELECTOR = YES;
				GCC_WARN_UNINITIALIZED_AUTOS = YES_AGGRESSIVE;
				GCC_WARN_UNUSED_FUNCTION = YES;
				GCC_WARN_UNUSED_VARIABLE = YES;
				MACOSX_DEPLOYMENT_TARGET = 10.13;
				MTL_ENABLE_DEBUG_INFO = YES;
				ONLY_ACTIVE_ARCH = YES;
				SDKROOT = macosx;
				SWIFT_ACTIVE_COMPILATION_CONDITIONS = DEBUG;
				SWIFT_OPTIMIZATION_LEVEL = "-Onone";
			};
			name = Debug;
		};
		EB51AD0120B2A61000E703D7 /* Release */ = {
			isa = XCBuildConfiguration;
			buildSettings = {
				ALWAYS_SEARCH_USER_PATHS = NO;
				CLANG_ANALYZER_NONNULL = YES;
				CLANG_ANALYZER_NUMBER_OBJECT_CONVERSION = YES_AGGRESSIVE;
				CLANG_CXX_LANGUAGE_STANDARD = "gnu++14";
				CLANG_CXX_LIBRARY = "libc++";
				CLANG_ENABLE_MODULES = YES;
				CLANG_ENABLE_OBJC_ARC = YES;
				CLANG_ENABLE_OBJC_WEAK = YES;
				CLANG_WARN_BLOCK_CAPTURE_AUTORELEASING = YES;
				CLANG_WARN_BOOL_CONVERSION = YES;
				CLANG_WARN_COMMA = YES;
				CLANG_WARN_CONSTANT_CONVERSION = YES;
				CLANG_WARN_DEPRECATED_OBJC_IMPLEMENTATIONS = YES;
				CLANG_WARN_DIRECT_OBJC_ISA_USAGE = YES_ERROR;
				CLANG_WARN_DOCUMENTATION_COMMENTS = YES;
				CLANG_WARN_EMPTY_BODY = YES;
				CLANG_WARN_ENUM_CONVERSION = YES;
				CLANG_WARN_INFINITE_RECURSION = YES;
				CLANG_WARN_INT_CONVERSION = YES;
				CLANG_WARN_NON_LITERAL_NULL_CONVERSION = YES;
				CLANG_WARN_OBJC_IMPLICIT_RETAIN_SELF = YES;
				CLANG_WARN_OBJC_LITERAL_CONVERSION = YES;
				CLANG_WARN_OBJC_ROOT_CLASS = YES_ERROR;
				CLANG_WARN_RANGE_LOOP_ANALYSIS = YES;
				CLANG_WARN_STRICT_PROTOTYPES = YES;
				CLANG_WARN_SUSPICIOUS_MOVE = YES;
				CLANG_WARN_UNGUARDED_AVAILABILITY = YES_AGGRESSIVE;
				CLANG_WARN_UNREACHABLE_CODE = YES;
				CLANG_WARN__DUPLICATE_METHOD_MATCH = YES;
				CODE_SIGN_IDENTITY = "Mac Developer";
				COPY_PHASE_STRIP = NO;
				DEBUG_INFORMATION_FORMAT = "dwarf-with-dsym";
				ENABLE_NS_ASSERTIONS = NO;
				ENABLE_STRICT_OBJC_MSGSEND = YES;
				GCC_C_LANGUAGE_STANDARD = gnu11;
				GCC_NO_COMMON_BLOCKS = YES;
				GCC_WARN_64_TO_32_BIT_CONVERSION = YES;
				GCC_WARN_ABOUT_RETURN_TYPE = YES_ERROR;
				GCC_WARN_UNDECLARED_SELECTOR = YES;
				GCC_WARN_UNINITIALIZED_AUTOS = YES_AGGRESSIVE;
				GCC_WARN_UNUSED_FUNCTION = YES;
				GCC_WARN_UNUSED_VARIABLE = YES;
				MACOSX_DEPLOYMENT_TARGET = 10.13;
				MTL_ENABLE_DEBUG_INFO = NO;
				SDKROOT = macosx;
				SWIFT_COMPILATION_MODE = wholemodule;
				SWIFT_OPTIMIZATION_LEVEL = "-O";
			};
			name = Release;
		};
		EB51AD0320B2A61000E703D7 /* Debug */ = {
			isa = XCBuildConfiguration;
			buildSettings = {
				ASSETCATALOG_COMPILER_APPICON_NAME = AppIcon;
				CLANG_ENABLE_MODULES = YES;
				CODE_SIGN_ENTITLEMENTS = "R-Name S/R_Name_S.entitlements";
				CODE_SIGN_STYLE = Automatic;
				COMBINE_HIDPI_IMAGES = YES;
				DEVELOPMENT_TEAM = 866K66F75B;
				INFOPLIST_FILE = "R-Name S/Info.plist";
				LD_RUNPATH_SEARCH_PATHS = (
					"$(inherited)",
					"@executable_path/../Frameworks",
				);
				PRODUCT_BUNDLE_IDENTIFIER = "au.net.p2made.R-Name-S";
				PRODUCT_NAME = "$(TARGET_NAME)";
				SWIFT_OBJC_BRIDGING_HEADER = "R-Name S/Objective C/R-Name S-Bridging-Header.h";
				SWIFT_OPTIMIZATION_LEVEL = "-Onone";
				SWIFT_VERSION = 4.0;
			};
			name = Debug;
		};
		EB51AD0420B2A61000E703D7 /* Release */ = {
			isa = XCBuildConfiguration;
			buildSettings = {
				ASSETCATALOG_COMPILER_APPICON_NAME = AppIcon;
				CLANG_ENABLE_MODULES = YES;
				CODE_SIGN_ENTITLEMENTS = "R-Name S/R_Name_S.entitlements";
				CODE_SIGN_STYLE = Automatic;
				COMBINE_HIDPI_IMAGES = YES;
				DEVELOPMENT_TEAM = 866K66F75B;
				INFOPLIST_FILE = "R-Name S/Info.plist";
				LD_RUNPATH_SEARCH_PATHS = (
					"$(inherited)",
					"@executable_path/../Frameworks",
				);
				PRODUCT_BUNDLE_IDENTIFIER = "au.net.p2made.R-Name-S";
				PRODUCT_NAME = "$(TARGET_NAME)";
				SWIFT_OBJC_BRIDGING_HEADER = "R-Name S/Objective C/R-Name S-Bridging-Header.h";
				SWIFT_VERSION = 4.0;
			};
			name = Release;
		};
		EB51AD0620B2A61000E703D7 /* Debug */ = {
			isa = XCBuildConfiguration;
			buildSettings = {
				ALWAYS_EMBED_SWIFT_STANDARD_LIBRARIES = YES;
				BUNDLE_LOADER = "$(TEST_HOST)";
				CODE_SIGN_STYLE = Automatic;
				COMBINE_HIDPI_IMAGES = YES;
				DEVELOPMENT_TEAM = 866K66F75B;
				INFOPLIST_FILE = "R-Name STests/Info.plist";
				LD_RUNPATH_SEARCH_PATHS = (
					"$(inherited)",
					"@executable_path/../Frameworks",
					"@loader_path/../Frameworks",
				);
				PRODUCT_BUNDLE_IDENTIFIER = "au.net.p2made.R-Name-STests";
				PRODUCT_NAME = "$(TARGET_NAME)";
				SWIFT_VERSION = 4.0;
				TEST_HOST = "$(BUILT_PRODUCTS_DIR)/R-Name S.app/Contents/MacOS/R-Name S";
			};
			name = Debug;
		};
		EB51AD0720B2A61000E703D7 /* Release */ = {
			isa = XCBuildConfiguration;
			buildSettings = {
				ALWAYS_EMBED_SWIFT_STANDARD_LIBRARIES = YES;
				BUNDLE_LOADER = "$(TEST_HOST)";
				CODE_SIGN_STYLE = Automatic;
				COMBINE_HIDPI_IMAGES = YES;
				DEVELOPMENT_TEAM = 866K66F75B;
				INFOPLIST_FILE = "R-Name STests/Info.plist";
				LD_RUNPATH_SEARCH_PATHS = (
					"$(inherited)",
					"@executable_path/../Frameworks",
					"@loader_path/../Frameworks",
				);
				PRODUCT_BUNDLE_IDENTIFIER = "au.net.p2made.R-Name-STests";
				PRODUCT_NAME = "$(TARGET_NAME)";
				SWIFT_VERSION = 4.0;
				TEST_HOST = "$(BUILT_PRODUCTS_DIR)/R-Name S.app/Contents/MacOS/R-Name S";
			};
			name = Release;
		};
		EB51AD0920B2A61000E703D7 /* Debug */ = {
			isa = XCBuildConfiguration;
			buildSettings = {
				ALWAYS_EMBED_SWIFT_STANDARD_LIBRARIES = YES;
				CODE_SIGN_STYLE = Automatic;
				COMBINE_HIDPI_IMAGES = YES;
				DEVELOPMENT_TEAM = 866K66F75B;
				INFOPLIST_FILE = "R-Name SUITests/Info.plist";
				LD_RUNPATH_SEARCH_PATHS = (
					"$(inherited)",
					"@executable_path/../Frameworks",
					"@loader_path/../Frameworks",
				);
				PRODUCT_BUNDLE_IDENTIFIER = "au.net.p2made.R-Name-SUITests";
				PRODUCT_NAME = "$(TARGET_NAME)";
				SWIFT_VERSION = 4.0;
				TEST_TARGET_NAME = "R-Name S";
			};
			name = Debug;
		};
		EB51AD0A20B2A61000E703D7 /* Release */ = {
			isa = XCBuildConfiguration;
			buildSettings = {
				ALWAYS_EMBED_SWIFT_STANDARD_LIBRARIES = YES;
				CODE_SIGN_STYLE = Automatic;
				COMBINE_HIDPI_IMAGES = YES;
				DEVELOPMENT_TEAM = 866K66F75B;
				INFOPLIST_FILE = "R-Name SUITests/Info.plist";
				LD_RUNPATH_SEARCH_PATHS = (
					"$(inherited)",
					"@executable_path/../Frameworks",
					"@loader_path/../Frameworks",
				);
				PRODUCT_BUNDLE_IDENTIFIER = "au.net.p2made.R-Name-SUITests";
				PRODUCT_NAME = "$(TARGET_NAME)";
				SWIFT_VERSION = 4.0;
				TEST_TARGET_NAME = "R-Name S";
			};
			name = Release;
		};
/* End XCBuildConfiguration section */

/* Begin XCConfigurationList section */
		EB51ACD720B2A60700E703D7 /* Build configuration list for PBXProject "R-Name S" */ = {
			isa = XCConfigurationList;
			buildConfigurations = (
				EB51AD0020B2A61000E703D7 /* Debug */,
				EB51AD0120B2A61000E703D7 /* Release */,
			);
			defaultConfigurationIsVisible = 0;
			defaultConfigurationName = Release;
		};
		EB51AD0220B2A61000E703D7 /* Build configuration list for PBXNativeTarget "R-Name S" */ = {
			isa = XCConfigurationList;
			buildConfigurations = (
				EB51AD0320B2A61000E703D7 /* Debug */,
				EB51AD0420B2A61000E703D7 /* Release */,
			);
			defaultConfigurationIsVisible = 0;
			defaultConfigurationName = Release;
		};
		EB51AD0520B2A61000E703D7 /* Build configuration list for PBXNativeTarget "R-Name STests" */ = {
			isa = XCConfigurationList;
			buildConfigurations = (
				EB51AD0620B2A61000E703D7 /* Debug */,
				EB51AD0720B2A61000E703D7 /* Release */,
			);
			defaultConfigurationIsVisible = 0;
			defaultConfigurationName = Release;
		};
		EB51AD0820B2A61000E703D7 /* Build configuration list for PBXNativeTarget "R-Name SUITests" */ = {
			isa = XCConfigurationList;
			buildConfigurations = (
				EB51AD0920B2A61000E703D7 /* Debug */,
				EB51AD0A20B2A61000E703D7 /* Release */,
			);
			defaultConfigurationIsVisible = 0;
			defaultConfigurationName = Release;
		};
/* End XCConfigurationList section */
	};
	rootObject = EB51ACD420B2A60700E703D7 /* Project object */;
}
