// !$*UTF8*$!
{
	archiveVersion = 1;
	classes = {
	};
	objectVersion = 38;
	objects = {
		080E96DCFE201CFB7F000001 = {
			fileRef = 29B97318FDCFA39411CA2CEA;
			isa = PBXBuildFile;
			settings = {
			};
		};
		080E96DDFE201D6D7F000001 = {
			children = (
				F550E06B037A618901A80184,
				F550E06C037A619501A80184,
			);
			isa = PBXGroup;
			name = Classes;
			refType = 4;
		};
		089C165CFE840E0CC02AAC07 = {
			children = (
				089C165DFE840E0CC02AAC07,
			);
			isa = PBXVariantGroup;
			name = InfoPlist.strings;
			refType = 4;
		};
		089C165DFE840E0CC02AAC07 = {
			fileEncoding = 4;
			isa = PBXFileReference;
			lineEnding = 0;
			name = English;
			path = English.lproj/InfoPlist.strings;
			refType = 4;
		};
		089C165EFE840E0CC02AAC07 = {
			fileRef = 089C165CFE840E0CC02AAC07;
			isa = PBXBuildFile;
			settings = {
			};
		};
//080
//081
//082
//083
//084
//100
//101
//102
//103
//104
		1058C7A0FEA54F0111CA2CBB = {
			children = (
				1058C7A1FEA54F0111CA2CBB,
			);
			isa = PBXGroup;
			name = "Linked Frameworks";
			refType = 4;
		};
		1058C7A1FEA54F0111CA2CBB = {
			isa = PBXFrameworkReference;
			name = Cocoa.framework;
			path = /System/Library/Frameworks/Cocoa.framework;
			refType = 0;
		};
		1058C7A2FEA54F0111CA2CBB = {
			children = (
				29B97325FDCFA39411CA2CEA,
				29B97324FDCFA39411CA2CEA,
			);
			isa = PBXGroup;
			name = "Other Frameworks";
			refType = 4;
		};
		1058C7A3FEA54F0111CA2CBB = {
			fileRef = 1058C7A1FEA54F0111CA2CBB;
			isa = PBXBuildFile;
			settings = {
			};
		};
//100
//101
//102
//103
//104
//170
//171
//172
//173
//174
		17587328FF379C6511CA2CBB = {
			isa = PBXApplicationReference;
			path = "R-Name.app";
			refType = 3;
		};
//170
//171
//172
//173
//174
//190
//191
//192
//193
//194
		19C28FACFE9D520D11CA2CBB = {
			children = (
				17587328FF379C6511CA2CBB,
			);
			isa = PBXGroup;
			name = Products;
			refType = 4;
		};
//190
//191
//192
//193
//194
//290
//291
//292
//293
//294
		29B97313FDCFA39411CA2CEA = {
			buildStyles = (
				4A9504CCFFE6A4B311CA0CBA,
				4A9504CDFFE6A4B311CA0CBA,
			);
			hasScannedForEncodings = 1;
			isa = PBXProject;
			mainGroup = 29B97314FDCFA39411CA2CEA;
			projectDirPath = "";
			targets = (
				29B97326FDCFA39411CA2CEA,
			);
		};
		29B97314FDCFA39411CA2CEA = {
			children = (
				F5C0E24C039E0A0301D9EB3C,
				F5C0E24A039E093501D9EB3C,
				080E96DDFE201D6D7F000001,
				29B97315FDCFA39411CA2CEA,
				29B97317FDCFA39411CA2CEA,
				29B97323FDCFA39411CA2CEA,
				19C28FACFE9D520D11CA2CBB,
			);
			isa = PBXGroup;
			name = "Active R-Name";
			path = "";
			refType = 4;
		};
		29B97315FDCFA39411CA2CEA = {
			children = (
				F5ADE9A90380E46F01A80184,
				F5C0E1E5039DFC7E01D9EB3C,
				F5C0E1E6039DFC7E01D9EB3C,
				F5A878F90378C7F201A80184,
				F5A878FA0378C7F201A80184,
				29B97316FDCFA39411CA2CEA,
			);
			isa = PBXGroup;
			name = "Other Sources";
			path = "";
			refType = 4;
		};
		29B97316FDCFA39411CA2CEA = {
			fileEncoding = 30;
			isa = PBXFileReference;
			path = main.m;
			refType = 4;
		};
		29B97317FDCFA39411CA2CEA = {
			children = (
				F5ADEA3803A5EDE901A80184,
				F5ADEA2C03A5EDE901A80184,
				F5ADEA3403A5EDE901A80184,
				29B97318FDCFA39411CA2CEA,
				089C165CFE840E0CC02AAC07,
			);
			isa = PBXGroup;
			name = Resources;
			path = "";
			refType = 4;
		};
		29B97318FDCFA39411CA2CEA = {
			children = (
				29B97319FDCFA39411CA2CEA,
				F5ADEA3103A5EDE901A80184,
				F50E0A49038351C201A80184,
				98EE2EF204B344790093C9FA,
			);
			isa = PBXVariantGroup;
			name = MainMenu.nib;
			path = "";
			refType = 4;
		};
		29B97319FDCFA39411CA2CEA = {
			isa = PBXFileReference;
			name = English;
			path = English.lproj/MainMenu.nib;
			refType = 4;
		};
		29B97323FDCFA39411CA2CEA = {
			children = (
				1058C7A0FEA54F0111CA2CBB,
				1058C7A2FEA54F0111CA2CBB,
			);
			isa = PBXGroup;
			name = Frameworks;
			path = "";
			refType = 4;
		};
		29B97324FDCFA39411CA2CEA = {
			isa = PBXFrameworkReference;
			name = AppKit.framework;
			path = /System/Library/Frameworks/AppKit.framework;
			refType = 0;
		};
		29B97325FDCFA39411CA2CEA = {
			isa = PBXFrameworkReference;
			name = Foundation.framework;
			path = /System/Library/Frameworks/Foundation.framework;
			refType = 0;
		};
		29B97326FDCFA39411CA2CEA = {
			buildPhases = (
				29B97327FDCFA39411CA2CEA,
				29B97328FDCFA39411CA2CEA,
				29B9732BFDCFA39411CA2CEA,
				29B9732DFDCFA39411CA2CEA,
			);
			buildSettings = {
				DEBUGGING_SYMBOLS = NO;
				FRAMEWORK_SEARCH_PATHS = "";
				HEADER_SEARCH_PATHS = "";
				INSTALL_PATH = "$(HOME)/Applications";
				LIBRARY_SEARCH_PATHS = "";
				OTHER_CFLAGS = "";
				OTHER_LDFLAGS = "";
				PRODUCT_NAME = "R-Name";
				SECTORDER_FLAGS = "";
				WARNING_CFLAGS = "-Wmost -Wno-four-char-constants -Wno-unknown-pragmas";
				WRAPPER_EXTENSION = app;
			};
			dependencies = (
			);
			isa = PBXApplicationTarget;
			name = "R-Name";
			productInstallPath = "$(HOME)/Applications";
			productName = "Active R-Name";
			productReference = 17587328FF379C6511CA2CBB;
			productSettingsXML = "<?xml version=\"1.0\" encoding=\"UTF-8\"?>
<!DOCTYPE plist PUBLIC \"-//Apple Computer//DTD PLIST 1.0//EN\" \"http://www.apple.com/DTDs/PropertyList-1.0.dtd\">
<plist version=\"1.0\">
<dict>
	<key>CFBundleDevelopmentRegion</key>
	<string>English</string>
	<key>CFBundleDocumentTypes</key>
	<array>
		<dict>
			<key>CFBundleTypeExtensions</key>
			<array>
				<string>*</string>
			</array>
			<key>CFBundleTypeName</key>
			<string>file to rename</string>
			<key>CFBundleTypeOSTypes</key>
			<array>
				<string>****</string>
			</array>
			<key>CFBundleTypeRole</key>
			<string>None</string>
		</dict>
	</array>
	<key>CFBundleExecutable</key>
	<string>R-Name</string>
	<key>CFBundleGetInfoString</key>
	<string>version 3 (C)2002-2003 by Tagaya Yoichi</string>
	<key>CFBundleIconFile</key>
	<string>AppIcon.icns</string>
	<key>CFBundleInfoDictionaryVersion</key>
	<string>6.0</string>
	<key>CFBundleName</key>
	<string>R-Name</string>
	<key>CFBundlePackageType</key>
	<string>APPL</string>
	<key>CFBundleShortVersionString</key>
	<string>3</string>
	<key>CFBundleSignature</key>
	<string>????</string>
	<key>CFBundleVersion</key>
	<string>3</string>
	<key>NSMainNibFile</key>
	<string>MainMenu</string>
	<key>NSPrincipalClass</key>
	<string>NSApplication</string>
</dict>
</plist>
";
		};
		29B97327FDCFA39411CA2CEA = {
			buildActionMask = 2147483647;
			files = (
				F586E9C80377D89D01A80184,
				F5A878E60378BAFB01A80184,
				F5A878FC0378C7F501A80184,
				F5A879140379067901A80184,
				F5A8791A037912BA01A80184,
				F550E06F037A648B01A80184,
				F550E16B037ACAF601A80184,
				F5B47EF2037BAA4001A80184,
				F5ADE9AD0380E47301A80184,
				F5ADE9D90380E9F701A80184,
				F5C0E1E7039DFC7E01D9EB3C,
			);
			isa = PBXHeadersBuildPhase;
			runOnlyForDeploymentPostprocessing = 0;
		};
		29B97328FDCFA39411CA2CEA = {
			buildActionMask = 2147483647;
			files = (
				080E96DCFE201CFB7F000001,
				089C165EFE840E0CC02AAC07,
				F5ADEA3503A5EDE901A80184,
				F5ADE9AE0380E47401A80184,
				F5ADEA2E03A5EDE901A80184,
				F5ADEA3903A5EDE901A80184,
			);
			isa = PBXResourcesBuildPhase;
			runOnlyForDeploymentPostprocessing = 0;
		};
		29B9732BFDCFA39411CA2CEA = {
			buildActionMask = 2147483647;
			files = (
				29B9732CFDCFA39411CA2CEA,
				F5A878FB0378C7F401A80184,
				F5A879150379067A01A80184,
				F5A8791B037912BA01A80184,
				F550E16C037ACAF601A80184,
				F5B3EFF0037D83AF016DA8EF,
				F547C58A037FD73A01D5D143,
				F5ADE9AF0380E47401A80184,
				F5ADE9D80380E9F601A80184,
				F5C0E1E8039DFC7E01D9EB3C,
			);
			isa = PBXSourcesBuildPhase;
			runOnlyForDeploymentPostprocessing = 0;
		};
		29B9732CFDCFA39411CA2CEA = {
			fileRef = 29B97316FDCFA39411CA2CEA;
			isa = PBXBuildFile;
			settings = {
				ATTRIBUTES = (
				);
			};
		};
		29B9732DFDCFA39411CA2CEA = {
			buildActionMask = 2147483647;
			files = (
				1058C7A3FEA54F0111CA2CBB,
			);
			isa = PBXFrameworksBuildPhase;
			runOnlyForDeploymentPostprocessing = 0;
		};
//290
//291
//292
//293
//294
//4A0
//4A1
//4A2
//4A3
//4A4
		4A9504CCFFE6A4B311CA0CBA = {
			buildRules = (
			);
			buildSettings = {
				COPY_PHASE_STRIP = NO;
				OPTIMIZATION_CFLAGS = "-O0";
			};
			isa = PBXBuildStyle;
			name = Development;
		};
		4A9504CDFFE6A4B311CA0CBA = {
			buildRules = (
			);
			buildSettings = {
				COPY_PHASE_STRIP = YES;
			};
			isa = PBXBuildStyle;
			name = Deployment;
		};
//4A0
//4A1
//4A2
//4A3
//4A4
//980
//981
//982
//983
//984
		98EE2EF204B344790093C9FA = {
			isa = PBXFileReference;
			name = German;
			path = German.lproj/MainMenu.nib;
			refType = 4;
		};
		98EE2EF304B348C40093C9FA = {
			fileEncoding = 4;
			isa = PBXFileReference;
			name = German;
			path = German.lproj/Localizable.strings;
			refType = 4;
		};
		98EE2F0504B34AF80093C9FA = {
			isa = PBXFileReference;
			name = German;
			path = German.lproj/Credits.html;
			refType = 4;
		};
		98EF851904092811003B22E6 = {
			fileEncoding = 4;
			isa = PBXFileReference;
			lineEnding = 0;
			name = French;
			path = French.lproj/Localizable.strings;
			refType = 4;
		};
//980
//981
//982
//983
//984
//F50
//F51
//F52
//F53
//F54
		F50E0A46038351BC01A80184 = {
			fileEncoding = 4;
			isa = PBXFileReference;
			lineEnding = 0;
			name = French;
			path = French.lproj/Credits.html;
			refType = 4;
		};
		F50E0A49038351C201A80184 = {
			isa = PBXFileReference;
			name = French;
			path = French.lproj/MainMenu.nib;
			refType = 4;
		};
		F51B924A0377A6D501A80184 = {
			fileEncoding = "-2147483647";
			isa = PBXFileReference;
			path = Definitions.h;
			refType = 4;
		};
		F547C58A037FD73A01D5D143 = {
			fileRef = F5A878E50378BAFB01A80184;
			isa = PBXBuildFile;
			settings = {
			};
		};
		F550E06B037A618901A80184 = {
			children = (
				F51B924A0377A6D501A80184,
				F586E99B0377D50801A80184,
				F586E99C0377D50801A80184,
				F5A878E40378BAFB01A80184,
				F5A878E50378BAFB01A80184,
				F5A87918037912BA01A80184,
				F5A87919037912BA01A80184,
			);
			isa = PBXGroup;
			name = Model;
			refType = 4;
		};
		F550E06C037A619501A80184 = {
			children = (
				F5B47EE5037BA33A01A80184,
				F550E169037ACAF501A80184,
				F550E16A037ACAF501A80184,
				F550E06D037A648B01A80184,
				F550E06E037A648B01A80184,
				F5ADE9D60380E9F401A80184,
				F5ADE9D70380E9F401A80184,
			);
			isa = PBXGroup;
			name = Controller;
			refType = 4;
		};
		F550E06D037A648B01A80184 = {
			fileEncoding = "-2147483647";
			isa = PBXFileReference;
			path = SequentialNumberChecker.h;
			refType = 4;
		};
		F550E06E037A648B01A80184 = {
			fileEncoding = "-2147483647";
			isa = PBXFileReference;
			path = SequentialNumberChecker.m;
			refType = 4;
		};
		F550E06F037A648B01A80184 = {
			fileRef = F550E06D037A648B01A80184;
			isa = PBXBuildFile;
			settings = {
			};
		};
		F550E169037ACAF501A80184 = {
			fileEncoding = "-2147483647";
			isa = PBXFileReference;
			path = RNameController.h;
			refType = 4;
		};
		F550E16A037ACAF501A80184 = {
			fileEncoding = "-2147483647";
			isa = PBXFileReference;
			path = RNameController.m;
			refType = 4;
		};
		F550E16B037ACAF601A80184 = {
			fileRef = F550E169037ACAF501A80184;
			isa = PBXBuildFile;
			settings = {
			};
		};
		F550E16C037ACAF601A80184 = {
			fileRef = F550E16A037ACAF501A80184;
			isa = PBXBuildFile;
			settings = {
			};
		};
		F586E99B0377D50801A80184 = {
			fileEncoding = "-2147483647";
			isa = PBXFileReference;
			path = RenamedPathPair.h;
			refType = 4;
		};
		F586E99C0377D50801A80184 = {
			fileEncoding = "-2147483647";
			isa = PBXFileReference;
			path = RenamedPathPair.m;
			refType = 4;
		};
		F586E9C80377D89D01A80184 = {
			fileRef = F51B924A0377A6D501A80184;
			isa = PBXBuildFile;
			settings = {
			};
		};
		F5A878E40378BAFB01A80184 = {
			fileEncoding = "-2147483647";
			isa = PBXFileReference;
			path = RenamedPathPairContainer.h;
			refType = 4;
		};
		F5A878E50378BAFB01A80184 = {
			fileEncoding = "-2147483647";
			isa = PBXFileReference;
			path = RenamedPathPairContainer.m;
			refType = 4;
		};
		F5A878E60378BAFB01A80184 = {
			fileRef = F5A878E40378BAFB01A80184;
			isa = PBXBuildFile;
			settings = {
			};
		};
		F5A878F90378C7F201A80184 = {
			fileEncoding = "-2147483647";
			isa = PBXFileReference;
			path = BetterCompareNSString.h;
			refType = 4;
		};
		F5A878FA0378C7F201A80184 = {
			fileEncoding = "-2147483647";
			isa = PBXFileReference;
			path = BetterCompareNSString.m;
			refType = 4;
		};
		F5A878FB0378C7F401A80184 = {
			fileRef = F5A878FA0378C7F201A80184;
			isa = PBXBuildFile;
			settings = {
			};
		};
		F5A878FC0378C7F501A80184 = {
			fileRef = F5A878F90378C7F201A80184;
			isa = PBXBuildFile;
			settings = {
			};
		};
		F5A879140379067901A80184 = {
			fileRef = F586E99B0377D50801A80184;
			isa = PBXBuildFile;
			settings = {
			};
		};
		F5A879150379067A01A80184 = {
			fileRef = F586E99C0377D50801A80184;
			isa = PBXBuildFile;
			settings = {
			};
		};
		F5A87918037912BA01A80184 = {
			fileEncoding = "-2147483647";
			isa = PBXFileReference;
			path = FilesRenamer.h;
			refType = 4;
		};
		F5A87919037912BA01A80184 = {
			fileEncoding = "-2147483647";
			isa = PBXFileReference;
			path = FilesRenamer.m;
			refType = 4;
		};
		F5A8791A037912BA01A80184 = {
			fileRef = F5A87918037912BA01A80184;
			isa = PBXBuildFile;
			settings = {
			};
		};
		F5A8791B037912BA01A80184 = {
			fileRef = F5A87919037912BA01A80184;
			isa = PBXBuildFile;
			settings = {
			};
		};
		F5ADE9A90380E46F01A80184 = {
			children = (
				F5ADE9AA0380E46F01A80184,
				F5ADE9AB0380E46F01A80184,
				F5ADE9AC0380E46F01A80184,
			);
			isa = PBXGroup;
			path = PerlWrapper;
			refType = 4;
		};
		F5ADE9AA0380E46F01A80184 = {
			fileEncoding = "-2147483647";
			isa = PBXFileReference;
			path = PerlWrapper.h;
			refType = 4;
		};
		F5ADE9AB0380E46F01A80184 = {
			fileEncoding = "-2147483647";
			isa = PBXFileReference;
			path = PerlWrapper.m;
			refType = 4;
		};
		F5ADE9AC0380E46F01A80184 = {
			fileEncoding = "-2147483647";
			isa = PBXExecutableFileReference;
			path = regex.pl;
			refType = 4;
		};
		F5ADE9AD0380E47301A80184 = {
			fileRef = F5ADE9AA0380E46F01A80184;
			isa = PBXBuildFile;
			settings = {
			};
		};
		F5ADE9AE0380E47401A80184 = {
			fileRef = F5ADE9AC0380E46F01A80184;
			isa = PBXBuildFile;
			settings = {
			};
		};
		F5ADE9AF0380E47401A80184 = {
			fileRef = F5ADE9AB0380E46F01A80184;
			isa = PBXBuildFile;
			settings = {
			};
		};
		F5ADE9D60380E9F401A80184 = {
			fileEncoding = "-2147483647";
			isa = PBXFileReference;
			path = TransparentDraggedWindow.h;
			refType = 4;
		};
		F5ADE9D70380E9F401A80184 = {
			fileEncoding = "-2147483647";
			isa = PBXFileReference;
			path = TransparentDraggedWindow.m;
			refType = 4;
		};
		F5ADE9D80380E9F601A80184 = {
			fileRef = F5ADE9D70380E9F401A80184;
			isa = PBXBuildFile;
			settings = {
			};
		};
		F5ADE9D90380E9F701A80184 = {
			fileRef = F5ADE9D60380E9F401A80184;
			isa = PBXBuildFile;
			settings = {
			};
		};
		F5ADEA2C03A5EDE901A80184 = {
			children = (
				F5ADEA2D03A5EDE901A80184,
				F5ADEA2F03A5EDE901A80184,
				F50E0A46038351BC01A80184,
				98EE2F0504B34AF80093C9FA,
			);
			isa = PBXVariantGroup;
			name = Credits.html;
			path = "";
			refType = 4;
		};
		F5ADEA2D03A5EDE901A80184 = {
			fileEncoding = 4;
			isa = PBXFileReference;
			lineEnding = 0;
			name = English;
			path = English.lproj/Credits.html;
			refType = 4;
		};
		F5ADEA2E03A5EDE901A80184 = {
			fileRef = F5ADEA2C03A5EDE901A80184;
			isa = PBXBuildFile;
			settings = {
			};
		};
		F5ADEA2F03A5EDE901A80184 = {
			fileEncoding = 4;
			isa = PBXFileReference;
			lineEnding = 0;
			name = Japanese;
			path = Japanese.lproj/Credits.html;
			refType = 4;
		};
		F5ADEA3103A5EDE901A80184 = {
			isa = PBXFileReference;
			name = Japanese;
			path = Japanese.lproj/MainMenu.nib;
			refType = 4;
		};
		F5ADEA3403A5EDE901A80184 = {
			children = (
				F5ADEA3703A5EDE901A80184,
				F5ADEA3603A5EDE901A80184,
				98EF851904092811003B22E6,
				98EE2EF304B348C40093C9FA,
			);
			isa = PBXVariantGroup;
			name = Localizable.strings;
			refType = 4;
		};
		F5ADEA3503A5EDE901A80184 = {
			fileRef = F5ADEA3403A5EDE901A80184;
			isa = PBXBuildFile;
			settings = {
			};
		};
		F5ADEA3603A5EDE901A80184 = {
			fileEncoding = 4;
			isa = PBXFileReference;
			lineEnding = 0;
			name = Japanese;
			path = Japanese.lproj/Localizable.strings;
			refType = 4;
		};
		F5ADEA3703A5EDE901A80184 = {
			fileEncoding = 4;
			isa = PBXFileReference;
			lineEnding = 0;
			name = English;
			path = English.lproj/Localizable.strings;
			refType = 4;
		};
		F5ADEA3803A5EDE901A80184 = {
			isa = PBXFileReference;
			path = AppIcon.icns;
			refType = 4;
		};
		F5ADEA3903A5EDE901A80184 = {
			fileRef = F5ADEA3803A5EDE901A80184;
			isa = PBXBuildFile;
			settings = {
			};
		};
		F5B3EFF0037D83AF016DA8EF = {
			fileRef = F550E06E037A648B01A80184;
			isa = PBXBuildFile;
			settings = {
			};
		};
		F5B47EE5037BA33A01A80184 = {
			fileEncoding = "-2147483647";
			isa = PBXFileReference;
			path = ControllerDefinitions.h;
			refType = 4;
		};
		F5B47EF2037BAA4001A80184 = {
			fileRef = F5B47EE5037BA33A01A80184;
			isa = PBXBuildFile;
			settings = {
			};
		};
		F5C0E1E5039DFC7E01D9EB3C = {
			fileEncoding = "-2147483647";
			isa = PBXFileReference;
			path = StringsManager.h;
			refType = 4;
		};
		F5C0E1E6039DFC7E01D9EB3C = {
			fileEncoding = "-2147483647";
			isa = PBXFileReference;
			path = StringsManager.m;
			refType = 4;
		};
		F5C0E1E7039DFC7E01D9EB3C = {
			fileRef = F5C0E1E5039DFC7E01D9EB3C;
			isa = PBXBuildFile;
			settings = {
			};
		};
		F5C0E1E8039DFC7E01D9EB3C = {
			fileRef = F5C0E1E6039DFC7E01D9EB3C;
			isa = PBXBuildFile;
			settings = {
			};
		};
		F5C0E24A039E093501D9EB3C = {
			fileEncoding = "-2147483647";
			isa = PBXFileReference;
			path = LICENSE.txt;
			refType = 4;
		};
		F5C0E24C039E0A0301D9EB3C = {
			isa = PBXFileReference;
			path = ReadMe.rtfd;
			refType = 4;
		};
	};
	rootObject = 29B97313FDCFA39411CA2CEA;
}
