// !$*UTF8*$!
{
	archiveVersion = 1;
	classes = {
	};
	objectVersion = 42;
	objects = {

/* Begin PBXApplicationTarget section */
		29B97326FDCFA39411CA2CEA /* R-Name */ = {
			isa = PBXApplicationTarget;
			buildConfigurationList = A36DA2740B84F36300E13BA1 /* Build configuration list for PBXApplicationTarget "R-Name" */;
			buildPhases = (
				29B97327FDCFA39411CA2CEA /* Headers */,
				29B97328FDCFA39411CA2CEA /* Resources */,
				29B9732BFDCFA39411CA2CEA /* Sources */,
				29B9732DFDCFA39411CA2CEA /* Frameworks */,
			);
			dependencies = (
			);
			name = "R-Name";
			productInstallPath = "$(HOME)/Applications";
			productName = "Active R-Name";
			productReference = 17587328FF379C6511CA2CBB /* R-Name.app */;
			productSettingsXML = "<?xml version=\"1.0\" encoding=\"UTF-8\"?>
<!DOCTYPE plist PUBLIC \"-//Apple//DTD PLIST 1.0//EN\" \"http://www.apple.com/DTDs/PropertyList-1.0.dtd\">
<plist version=\"1.0\">
<dict>
	<key>CFBundleDevelopmentRegion</key>
	<string>English</string>
	<key>CFBundleDocumentTypes</key>
	<array>
		<dict>
			<key>CFBundleTypeExtensions</key>
			<array>
				<string>*</string>
			</array>
			<key>CFBundleTypeName</key>
			<string>file to rename</string>
			<key>CFBundleTypeOSTypes</key>
			<array>
				<string>****</string>
			</array>
			<key>CFBundleTypeRole</key>
			<string>None</string>
		</dict>
	</array>
	<key>CFBundleExecutable</key>
	<string>R-Name</string>
	<key>CFBundleGetInfoString</key>
	<string>version 3 (C)2002-2003 by Tagaya Yoichi</string>
	<key>CFBundleIconFile</key>
	<string>AppIcon.icns</string>
	<key>CFBundleInfoDictionaryVersion</key>
	<string>6.0</string>
	<key>CFBundleName</key>
	<string>R-Name</string>
	<key>CFBundlePackageType</key>
	<string>APPL</string>
	<key>CFBundleShortVersionString</key>
	<string>3</string>
	<key>CFBundleSignature</key>
	<string>????</string>
	<key>CFBundleVersion</key>
	<string>3</string>
	<key>NSMainNibFile</key>
	<string>MainMenu</string>
	<key>NSPrincipalClass</key>
	<string>NSApplication</string>
</dict>
</plist>
";
		};
/* End PBXApplicationTarget section */

/* Begin PBXBuildFile section */
		080E96DCFE201CFB7F000001 /* MainMenu.nib in Resources */ = {isa = PBXBuildFile; fileRef = 29B97318FDCFA39411CA2CEA /* MainMenu.nib */; };
		089C165EFE840E0CC02AAC07 /* InfoPlist.strings in Resources */ = {isa = PBXBuildFile; fileRef = 089C165CFE840E0CC02AAC07 /* InfoPlist.strings */; };
		1058C7A3FEA54F0111CA2CBB /* Cocoa.framework in Frameworks */ = {isa = PBXBuildFile; fileRef = 1058C7A1FEA54F0111CA2CBB /* Cocoa.framework */; };
		29B9732CFDCFA39411CA2CEA /* main.m in Sources */ = {isa = PBXBuildFile; fileRef = 29B97316FDCFA39411CA2CEA /* main.m */; settings = {ATTRIBUTES = (); }; };
		A36DA2830B84F4B200E13BA1 /* Definitions.h in Headers */ = {isa = PBXBuildFile; fileRef = F51B924A0377A6D501A80184 /* Definitions.h */; };
		A36DA2840B84F4B200E13BA1 /* RenamedPathPairContainer.h in Headers */ = {isa = PBXBuildFile; fileRef = F5A878E40378BAFB01A80184 /* RenamedPathPairContainer.h */; };
		A36DA2850B84F4B200E13BA1 /* BetterCompareNSString.h in Headers */ = {isa = PBXBuildFile; fileRef = F5A878F90378C7F201A80184 /* BetterCompareNSString.h */; };
		A36DA2860B84F4B200E13BA1 /* RenamedPathPair.h in Headers */ = {isa = PBXBuildFile; fileRef = F586E99B0377D50801A80184 /* RenamedPathPair.h */; };
		A36DA2870B84F4B200E13BA1 /* FilesRenamer.h in Headers */ = {isa = PBXBuildFile; fileRef = F5A87918037912BA01A80184 /* FilesRenamer.h */; };
		A36DA2880B84F4B200E13BA1 /* SequentialNumberChecker.h in Headers */ = {isa = PBXBuildFile; fileRef = F550E06D037A648B01A80184 /* SequentialNumberChecker.h */; };
		A36DA2890B84F4B200E13BA1 /* RNameController.h in Headers */ = {isa = PBXBuildFile; fileRef = F550E169037ACAF501A80184 /* RNameController.h */; };
		A36DA28A0B84F4B200E13BA1 /* ControllerDefinitions.h in Headers */ = {isa = PBXBuildFile; fileRef = F5B47EE5037BA33A01A80184 /* ControllerDefinitions.h */; };
		A36DA28B0B84F4B200E13BA1 /* PerlWrapper.h in Headers */ = {isa = PBXBuildFile; fileRef = F5ADE9AA0380E46F01A80184 /* PerlWrapper.h */; };
		A36DA28C0B84F4B200E13BA1 /* TransparentDraggedWindow.h in Headers */ = {isa = PBXBuildFile; fileRef = F5ADE9D60380E9F401A80184 /* TransparentDraggedWindow.h */; };
		A36DA28D0B84F4B200E13BA1 /* StringsManager.h in Headers */ = {isa = PBXBuildFile; fileRef = F5C0E1E5039DFC7E01D9EB3C /* StringsManager.h */; };
		A36DA28F0B84F4B200E13BA1 /* MainMenu.nib in Resources */ = {isa = PBXBuildFile; fileRef = 29B97318FDCFA39411CA2CEA /* MainMenu.nib */; };
		A36DA2900B84F4B200E13BA1 /* InfoPlist.strings in Resources */ = {isa = PBXBuildFile; fileRef = 089C165CFE840E0CC02AAC07 /* InfoPlist.strings */; };
		A36DA2910B84F4B200E13BA1 /* Localizable.strings in Resources */ = {isa = PBXBuildFile; fileRef = F5ADEA3403A5EDE901A80184 /* Localizable.strings */; };
		A36DA2920B84F4B200E13BA1 /* regex.pl in Resources */ = {isa = PBXBuildFile; fileRef = F5ADE9AC0380E46F01A80184 /* regex.pl */; };
		A36DA2930B84F4B200E13BA1 /* Credits.html in Resources */ = {isa = PBXBuildFile; fileRef = F5ADEA2C03A5EDE901A80184 /* Credits.html */; };
		A36DA2960B84F4B200E13BA1 /* main.m in Sources */ = {isa = PBXBuildFile; fileRef = 29B97316FDCFA39411CA2CEA /* main.m */; settings = {ATTRIBUTES = (); }; };
		A36DA2970B84F4B200E13BA1 /* BetterCompareNSString.m in Sources */ = {isa = PBXBuildFile; fileRef = F5A878FA0378C7F201A80184 /* BetterCompareNSString.m */; };
		A36DA2980B84F4B200E13BA1 /* RenamedPathPair.m in Sources */ = {isa = PBXBuildFile; fileRef = F586E99C0377D50801A80184 /* RenamedPathPair.m */; };
		A36DA2990B84F4B200E13BA1 /* FilesRenamer.m in Sources */ = {isa = PBXBuildFile; fileRef = F5A87919037912BA01A80184 /* FilesRenamer.m */; };
		A36DA29A0B84F4B200E13BA1 /* RNameController.m in Sources */ = {isa = PBXBuildFile; fileRef = F550E16A037ACAF501A80184 /* RNameController.m */; };
		A36DA29B0B84F4B200E13BA1 /* SequentialNumberChecker.m in Sources */ = {isa = PBXBuildFile; fileRef = F550E06E037A648B01A80184 /* SequentialNumberChecker.m */; };
		A36DA29C0B84F4B200E13BA1 /* RenamedPathPairContainer.m in Sources */ = {isa = PBXBuildFile; fileRef = F5A878E50378BAFB01A80184 /* RenamedPathPairContainer.m */; };
		A36DA29D0B84F4B200E13BA1 /* PerlWrapper.m in Sources */ = {isa = PBXBuildFile; fileRef = F5ADE9AB0380E46F01A80184 /* PerlWrapper.m */; };
		A36DA29E0B84F4B200E13BA1 /* TransparentDraggedWindow.m in Sources */ = {isa = PBXBuildFile; fileRef = F5ADE9D70380E9F401A80184 /* TransparentDraggedWindow.m */; };
		A36DA29F0B84F4B200E13BA1 /* StringsManager.m in Sources */ = {isa = PBXBuildFile; fileRef = F5C0E1E6039DFC7E01D9EB3C /* StringsManager.m */; };
		A36DA2A10B84F4B200E13BA1 /* Cocoa.framework in Frameworks */ = {isa = PBXBuildFile; fileRef = 1058C7A1FEA54F0111CA2CBB /* Cocoa.framework */; };
		A385983213162A63005C9EAC /* AppIcon.icns in Resources */ = {isa = PBXBuildFile; fileRef = F5ADEA3803A5EDE901A80184 /* AppIcon.icns */; };
		F547C58A037FD73A01D5D143 /* RenamedPathPairContainer.m in Sources */ = {isa = PBXBuildFile; fileRef = F5A878E50378BAFB01A80184 /* RenamedPathPairContainer.m */; };
		F550E06F037A648B01A80184 /* SequentialNumberChecker.h in Headers */ = {isa = PBXBuildFile; fileRef = F550E06D037A648B01A80184 /* SequentialNumberChecker.h */; };
		F550E16B037ACAF601A80184 /* RNameController.h in Headers */ = {isa = PBXBuildFile; fileRef = F550E169037ACAF501A80184 /* RNameController.h */; };
		F550E16C037ACAF601A80184 /* RNameController.m in Sources */ = {isa = PBXBuildFile; fileRef = F550E16A037ACAF501A80184 /* RNameController.m */; };
		F586E9C80377D89D01A80184 /* Definitions.h in Headers */ = {isa = PBXBuildFile; fileRef = F51B924A0377A6D501A80184 /* Definitions.h */; };
		F5A878E60378BAFB01A80184 /* RenamedPathPairContainer.h in Headers */ = {isa = PBXBuildFile; fileRef = F5A878E40378BAFB01A80184 /* RenamedPathPairContainer.h */; };
		F5A878FB0378C7F401A80184 /* BetterCompareNSString.m in Sources */ = {isa = PBXBuildFile; fileRef = F5A878FA0378C7F201A80184 /* BetterCompareNSString.m */; };
		F5A878FC0378C7F501A80184 /* BetterCompareNSString.h in Headers */ = {isa = PBXBuildFile; fileRef = F5A878F90378C7F201A80184 /* BetterCompareNSString.h */; };
		F5A879140379067901A80184 /* RenamedPathPair.h in Headers */ = {isa = PBXBuildFile; fileRef = F586E99B0377D50801A80184 /* RenamedPathPair.h */; };
		F5A879150379067A01A80184 /* RenamedPathPair.m in Sources */ = {isa = PBXBuildFile; fileRef = F586E99C0377D50801A80184 /* RenamedPathPair.m */; };
		F5A8791A037912BA01A80184 /* FilesRenamer.h in Headers */ = {isa = PBXBuildFile; fileRef = F5A87918037912BA01A80184 /* FilesRenamer.h */; };
		F5A8791B037912BA01A80184 /* FilesRenamer.m in Sources */ = {isa = PBXBuildFile; fileRef = F5A87919037912BA01A80184 /* FilesRenamer.m */; };
		F5ADE9AD0380E47301A80184 /* PerlWrapper.h in Headers */ = {isa = PBXBuildFile; fileRef = F5ADE9AA0380E46F01A80184 /* PerlWrapper.h */; };
		F5ADE9AE0380E47401A80184 /* regex.pl in Resources */ = {isa = PBXBuildFile; fileRef = F5ADE9AC0380E46F01A80184 /* regex.pl */; };
		F5ADE9AF0380E47401A80184 /* PerlWrapper.m in Sources */ = {isa = PBXBuildFile; fileRef = F5ADE9AB0380E46F01A80184 /* PerlWrapper.m */; };
		F5ADE9D80380E9F601A80184 /* TransparentDraggedWindow.m in Sources */ = {isa = PBXBuildFile; fileRef = F5ADE9D70380E9F401A80184 /* TransparentDraggedWindow.m */; };
		F5ADE9D90380E9F701A80184 /* TransparentDraggedWindow.h in Headers */ = {isa = PBXBuildFile; fileRef = F5ADE9D60380E9F401A80184 /* TransparentDraggedWindow.h */; };
		F5ADEA2E03A5EDE901A80184 /* Credits.html in Resources */ = {isa = PBXBuildFile; fileRef = F5ADEA2C03A5EDE901A80184 /* Credits.html */; };
		F5ADEA3503A5EDE901A80184 /* Localizable.strings in Resources */ = {isa = PBXBuildFile; fileRef = F5ADEA3403A5EDE901A80184 /* Localizable.strings */; };
		F5ADEA3903A5EDE901A80184 /* AppIcon.icns in Resources */ = {isa = PBXBuildFile; fileRef = F5ADEA3803A5EDE901A80184 /* AppIcon.icns */; };
		F5B3EFF0037D83AF016DA8EF /* SequentialNumberChecker.m in Sources */ = {isa = PBXBuildFile; fileRef = F550E06E037A648B01A80184 /* SequentialNumberChecker.m */; };
		F5B47EF2037BAA4001A80184 /* ControllerDefinitions.h in Headers */ = {isa = PBXBuildFile; fileRef = F5B47EE5037BA33A01A80184 /* ControllerDefinitions.h */; };
		F5C0E1E7039DFC7E01D9EB3C /* StringsManager.h in Headers */ = {isa = PBXBuildFile; fileRef = F5C0E1E5039DFC7E01D9EB3C /* StringsManager.h */; };
		F5C0E1E8039DFC7E01D9EB3C /* StringsManager.m in Sources */ = {isa = PBXBuildFile; fileRef = F5C0E1E6039DFC7E01D9EB3C /* StringsManager.m */; };
/* End PBXBuildFile section */

/* Begin PBXFileReference section */
		089C165DFE840E0CC02AAC07 /* English */ = {isa = PBXFileReference; fileEncoding = 4; lastKnownFileType = text.plist.strings; lineEnding = 0; name = English; path = English.lproj/InfoPlist.strings; sourceTree = "<group>"; };
		1058C7A1FEA54F0111CA2CBB /* Cocoa.framework */ = {isa = PBXFileReference; lastKnownFileType = wrapper.framework; name = Cocoa.framework; path = /System/Library/Frameworks/Cocoa.framework; sourceTree = "<absolute>"; };
		17587328FF379C6511CA2CBB /* R-Name.app */ = {isa = PBXFileReference; explicitFileType = wrapper.application; path = "R-Name.app"; sourceTree = BUILT_PRODUCTS_DIR; };
		29B97316FDCFA39411CA2CEA /* main.m */ = {isa = PBXFileReference; fileEncoding = 30; lastKnownFileType = sourcecode.c.objc; path = main.m; sourceTree = "<group>"; };
		29B97319FDCFA39411CA2CEA /* English */ = {isa = PBXFileReference; lastKnownFileType = wrapper.nib; name = English; path = English.lproj/MainMenu.nib; sourceTree = "<group>"; };
		29B97324FDCFA39411CA2CEA /* AppKit.framework */ = {isa = PBXFileReference; lastKnownFileType = wrapper.framework; name = AppKit.framework; path = /System/Library/Frameworks/AppKit.framework; sourceTree = "<absolute>"; };
		29B97325FDCFA39411CA2CEA /* Foundation.framework */ = {isa = PBXFileReference; lastKnownFileType = wrapper.framework; name = Foundation.framework; path = /System/Library/Frameworks/Foundation.framework; sourceTree = "<absolute>"; };
		98EE2EF204B344790093C9FA /* German */ = {isa = PBXFileReference; lastKnownFileType = wrapper.nib; name = German; path = German.lproj/MainMenu.nib; sourceTree = "<group>"; };
		98EE2EF304B348C40093C9FA /* German */ = {isa = PBXFileReference; fileEncoding = 4; lastKnownFileType = text.plist.strings; name = German; path = German.lproj/Localizable.strings; sourceTree = "<group>"; };
		98EE2F0504B34AF80093C9FA /* German */ = {isa = PBXFileReference; lastKnownFileType = text.html; name = German; path = German.lproj/Credits.html; sourceTree = "<group>"; };
		98EF851904092811003B22E6 /* French */ = {isa = PBXFileReference; fileEncoding = 4; lastKnownFileType = text.plist.strings; lineEnding = 0; name = French; path = French.lproj/Localizable.strings; sourceTree = "<group>"; };
		A36DA2A60B84F4B200E13BA1 /* Info-R_Name__Upgraded_.plist */ = {isa = PBXFileReference; lastKnownFileType = text.plist.xml; path = "Info-R_Name__Upgraded_.plist"; sourceTree = "<group>"; };
		A36DA2A70B84F4B200E13BA1 /* R-Name.app */ = {isa = PBXFileReference; explicitFileType = wrapper.application; includeInIndex = 0; path = "R-Name.app"; sourceTree = BUILT_PRODUCTS_DIR; };
		F50E0A46038351BC01A80184 /* French */ = {isa = PBXFileReference; fileEncoding = 4; lastKnownFileType = text.html; lineEnding = 0; name = French; path = French.lproj/Credits.html; sourceTree = "<group>"; };
		F50E0A49038351C201A80184 /* French */ = {isa = PBXFileReference; lastKnownFileType = wrapper.nib; name = French; path = French.lproj/MainMenu.nib; sourceTree = "<group>"; };
		F51B924A0377A6D501A80184 /* Definitions.h */ = {isa = PBXFileReference; fileEncoding = 0; lastKnownFileType = sourcecode.c.h; path = Definitions.h; sourceTree = "<group>"; };
		F550E06D037A648B01A80184 /* SequentialNumberChecker.h */ = {isa = PBXFileReference; fileEncoding = 0; lastKnownFileType = sourcecode.c.h; path = SequentialNumberChecker.h; sourceTree = "<group>"; };
		F550E06E037A648B01A80184 /* SequentialNumberChecker.m */ = {isa = PBXFileReference; fileEncoding = 0; lastKnownFileType = sourcecode.c.objc; path = SequentialNumberChecker.m; sourceTree = "<group>"; };
		F550E169037ACAF501A80184 /* RNameController.h */ = {isa = PBXFileReference; fileEncoding = 0; lastKnownFileType = sourcecode.c.h; path = RNameController.h; sourceTree = "<group>"; };
		F550E16A037ACAF501A80184 /* RNameController.m */ = {isa = PBXFileReference; fileEncoding = 0; lastKnownFileType = sourcecode.c.objc; path = RNameController.m; sourceTree = "<group>"; };
		F586E99B0377D50801A80184 /* RenamedPathPair.h */ = {isa = PBXFileReference; fileEncoding = 0; lastKnownFileType = sourcecode.c.h; path = RenamedPathPair.h; sourceTree = "<group>"; };
		F586E99C0377D50801A80184 /* RenamedPathPair.m */ = {isa = PBXFileReference; fileEncoding = 0; lastKnownFileType = sourcecode.c.objc; path = RenamedPathPair.m; sourceTree = "<group>"; };
		F5A878E40378BAFB01A80184 /* RenamedPathPairContainer.h */ = {isa = PBXFileReference; fileEncoding = 0; lastKnownFileType = sourcecode.c.h; path = RenamedPathPairContainer.h; sourceTree = "<group>"; };
		F5A878E50378BAFB01A80184 /* RenamedPathPairContainer.m */ = {isa = PBXFileReference; fileEncoding = 0; lastKnownFileType = sourcecode.c.objc; path = RenamedPathPairContainer.m; sourceTree = "<group>"; };
		F5A878F90378C7F201A80184 /* BetterCompareNSString.h */ = {isa = PBXFileReference; fileEncoding = 0; lastKnownFileType = sourcecode.c.h; path = BetterCompareNSString.h; sourceTree = "<group>"; };
		F5A878FA0378C7F201A80184 /* BetterCompareNSString.m */ = {isa = PBXFileReference; fileEncoding = 0; lastKnownFileType = sourcecode.c.objc; path = BetterCompareNSString.m; sourceTree = "<group>"; };
		F5A87918037912BA01A80184 /* FilesRenamer.h */ = {isa = PBXFileReference; fileEncoding = 0; lastKnownFileType = sourcecode.c.h; path = FilesRenamer.h; sourceTree = "<group>"; };
		F5A87919037912BA01A80184 /* FilesRenamer.m */ = {isa = PBXFileReference; fileEncoding = 0; lastKnownFileType = sourcecode.c.objc; path = FilesRenamer.m; sourceTree = "<group>"; };
		F5ADE9AA0380E46F01A80184 /* PerlWrapper.h */ = {isa = PBXFileReference; fileEncoding = 0; lastKnownFileType = sourcecode.c.h; path = PerlWrapper.h; sourceTree = "<group>"; };
		F5ADE9AB0380E46F01A80184 /* PerlWrapper.m */ = {isa = PBXFileReference; fileEncoding = 0; lastKnownFileType = sourcecode.c.objc; path = PerlWrapper.m; sourceTree = "<group>"; };
		F5ADE9AC0380E46F01A80184 /* regex.pl */ = {isa = PBXFileReference; fileEncoding = 0; lastKnownFileType = text.script.perl; path = regex.pl; sourceTree = "<group>"; };
		F5ADE9D60380E9F401A80184 /* TransparentDraggedWindow.h */ = {isa = PBXFileReference; fileEncoding = 0; lastKnownFileType = sourcecode.c.h; path = TransparentDraggedWindow.h; sourceTree = "<group>"; };
		F5ADE9D70380E9F401A80184 /* TransparentDraggedWindow.m */ = {isa = PBXFileReference; fileEncoding = 0; lastKnownFileType = sourcecode.c.objc; path = TransparentDraggedWindow.m; sourceTree = "<group>"; };
		F5ADEA2D03A5EDE901A80184 /* English */ = {isa = PBXFileReference; fileEncoding = 4; lastKnownFileType = text.html; lineEnding = 0; name = English; path = English.lproj/Credits.html; sourceTree = "<group>"; };
		F5ADEA2F03A5EDE901A80184 /* Japanese */ = {isa = PBXFileReference; fileEncoding = 4; lastKnownFileType = text.html; lineEnding = 0; name = Japanese; path = Japanese.lproj/Credits.html; sourceTree = "<group>"; };
		F5ADEA3103A5EDE901A80184 /* Japanese */ = {isa = PBXFileReference; lastKnownFileType = wrapper.nib; name = Japanese; path = Japanese.lproj/MainMenu.nib; sourceTree = "<group>"; };
		F5ADEA3603A5EDE901A80184 /* Japanese */ = {isa = PBXFileReference; fileEncoding = 4; lastKnownFileType = text.plist.strings; lineEnding = 0; name = Japanese; path = Japanese.lproj/Localizable.strings; sourceTree = "<group>"; };
		F5ADEA3703A5EDE901A80184 /* English */ = {isa = PBXFileReference; fileEncoding = 4; lastKnownFileType = text.plist.strings; lineEnding = 0; name = English; path = English.lproj/Localizable.strings; sourceTree = "<group>"; };
		F5ADEA3803A5EDE901A80184 /* AppIcon.icns */ = {isa = PBXFileReference; lastKnownFileType = image.icns; path = AppIcon.icns; sourceTree = "<group>"; };
		F5B47EE5037BA33A01A80184 /* ControllerDefinitions.h */ = {isa = PBXFileReference; fileEncoding = 0; lastKnownFileType = sourcecode.c.h; path = ControllerDefinitions.h; sourceTree = "<group>"; };
		F5C0E1E5039DFC7E01D9EB3C /* StringsManager.h */ = {isa = PBXFileReference; fileEncoding = 0; lastKnownFileType = sourcecode.c.h; path = StringsManager.h; sourceTree = "<group>"; };
		F5C0E1E6039DFC7E01D9EB3C /* StringsManager.m */ = {isa = PBXFileReference; fileEncoding = 0; lastKnownFileType = sourcecode.c.objc; path = StringsManager.m; sourceTree = "<group>"; };
		F5C0E24A039E093501D9EB3C /* LICENSE.txt */ = {isa = PBXFileReference; fileEncoding = 0; lastKnownFileType = text; path = LICENSE.txt; sourceTree = "<group>"; };
		F5C0E24C039E0A0301D9EB3C /* ReadMe.rtfd */ = {isa = PBXFileReference; lastKnownFileType = wrapper.rtfd; path = ReadMe.rtfd; sourceTree = "<group>"; };
/* End PBXFileReference section */

/* Begin PBXFrameworksBuildPhase section */
		29B9732DFDCFA39411CA2CEA /* Frameworks */ = {
			isa = PBXFrameworksBuildPhase;
			buildActionMask = 2147483647;
			files = (
				1058C7A3FEA54F0111CA2CBB /* Cocoa.framework in Frameworks */,
			);
			runOnlyForDeploymentPostprocessing = 0;
		};
		A36DA2A00B84F4B200E13BA1 /* Frameworks */ = {
			isa = PBXFrameworksBuildPhase;
			buildActionMask = 2147483647;
			files = (
				A36DA2A10B84F4B200E13BA1 /* Cocoa.framework in Frameworks */,
			);
			runOnlyForDeploymentPostprocessing = 0;
		};
/* End PBXFrameworksBuildPhase section */

/* Begin PBXGroup section */
		080E96DDFE201D6D7F000001 /* Classes */ = {
			isa = PBXGroup;
			children = (
				F550E06B037A618901A80184 /* Model */,
				F550E06C037A619501A80184 /* Controller */,
			);
			name = Classes;
			sourceTree = "<group>";
		};
		1058C7A0FEA54F0111CA2CBB /* Linked Frameworks */ = {
			isa = PBXGroup;
			children = (
				1058C7A1FEA54F0111CA2CBB /* Cocoa.framework */,
			);
			name = "Linked Frameworks";
			sourceTree = "<group>";
		};
		1058C7A2FEA54F0111CA2CBB /* Other Frameworks */ = {
			isa = PBXGroup;
			children = (
				29B97325FDCFA39411CA2CEA /* Foundation.framework */,
				29B97324FDCFA39411CA2CEA /* AppKit.framework */,
			);
			name = "Other Frameworks";
			sourceTree = "<group>";
		};
		19C28FACFE9D520D11CA2CBB /* Products */ = {
			isa = PBXGroup;
			children = (
				17587328FF379C6511CA2CBB /* R-Name.app */,
				A36DA2A70B84F4B200E13BA1 /* R-Name.app */,
			);
			name = Products;
			sourceTree = "<group>";
		};
		29B97314FDCFA39411CA2CEA /* Active R-Name */ = {
			isa = PBXGroup;
			children = (
				F5C0E24C039E0A0301D9EB3C /* ReadMe.rtfd */,
				F5C0E24A039E093501D9EB3C /* LICENSE.txt */,
				080E96DDFE201D6D7F000001 /* Classes */,
				29B97315FDCFA39411CA2CEA /* Other Sources */,
				29B97317FDCFA39411CA2CEA /* Resources */,
				29B97323FDCFA39411CA2CEA /* Frameworks */,
				19C28FACFE9D520D11CA2CBB /* Products */,
				A36DA2A60B84F4B200E13BA1 /* Info-R_Name__Upgraded_.plist */,
			);
			name = "Active R-Name";
			sourceTree = "<group>";
		};
		29B97315FDCFA39411CA2CEA /* Other Sources */ = {
			isa = PBXGroup;
			children = (
				F5ADE9A90380E46F01A80184 /* PerlWrapper */,
				F5C0E1E5039DFC7E01D9EB3C /* StringsManager.h */,
				F5C0E1E6039DFC7E01D9EB3C /* StringsManager.m */,
				F5A878F90378C7F201A80184 /* BetterCompareNSString.h */,
				F5A878FA0378C7F201A80184 /* BetterCompareNSString.m */,
				29B97316FDCFA39411CA2CEA /* main.m */,
			);
			name = "Other Sources";
			sourceTree = "<group>";
		};
		29B97317FDCFA39411CA2CEA /* Resources */ = {
			isa = PBXGroup;
			children = (
				F5ADEA3803A5EDE901A80184 /* AppIcon.icns */,
				F5ADEA2C03A5EDE901A80184 /* Credits.html */,
				F5ADEA3403A5EDE901A80184 /* Localizable.strings */,
				29B97318FDCFA39411CA2CEA /* MainMenu.nib */,
				089C165CFE840E0CC02AAC07 /* InfoPlist.strings */,
			);
			name = Resources;
			sourceTree = "<group>";
		};
		29B97323FDCFA39411CA2CEA /* Frameworks */ = {
			isa = PBXGroup;
			children = (
				1058C7A0FEA54F0111CA2CBB /* Linked Frameworks */,
				1058C7A2FEA54F0111CA2CBB /* Other Frameworks */,
			);
			name = Frameworks;
			sourceTree = "<group>";
		};
		F550E06B037A618901A80184 /* Model */ = {
			isa = PBXGroup;
			children = (
				F51B924A0377A6D501A80184 /* Definitions.h */,
				F586E99B0377D50801A80184 /* RenamedPathPair.h */,
				F586E99C0377D50801A80184 /* RenamedPathPair.m */,
				F5A878E40378BAFB01A80184 /* RenamedPathPairContainer.h */,
				F5A878E50378BAFB01A80184 /* RenamedPathPairContainer.m */,
				F5A87918037912BA01A80184 /* FilesRenamer.h */,
				F5A87919037912BA01A80184 /* FilesRenamer.m */,
			);
			name = Model;
			sourceTree = "<group>";
		};
		F550E06C037A619501A80184 /* Controller */ = {
			isa = PBXGroup;
			children = (
				F5B47EE5037BA33A01A80184 /* ControllerDefinitions.h */,
				F550E169037ACAF501A80184 /* RNameController.h */,
				F550E16A037ACAF501A80184 /* RNameController.m */,
				F550E06D037A648B01A80184 /* SequentialNumberChecker.h */,
				F550E06E037A648B01A80184 /* SequentialNumberChecker.m */,
				F5ADE9D60380E9F401A80184 /* TransparentDraggedWindow.h */,
				F5ADE9D70380E9F401A80184 /* TransparentDraggedWindow.m */,
			);
			name = Controller;
			sourceTree = "<group>";
		};
		F5ADE9A90380E46F01A80184 /* PerlWrapper */ = {
			isa = PBXGroup;
			children = (
				F5ADE9AA0380E46F01A80184 /* PerlWrapper.h */,
				F5ADE9AB0380E46F01A80184 /* PerlWrapper.m */,
				F5ADE9AC0380E46F01A80184 /* regex.pl */,
			);
			path = PerlWrapper;
			sourceTree = "<group>";
		};
/* End PBXGroup section */

/* Begin PBXHeadersBuildPhase section */
		29B97327FDCFA39411CA2CEA /* Headers */ = {
			isa = PBXHeadersBuildPhase;
			buildActionMask = 2147483647;
			files = (
				F586E9C80377D89D01A80184 /* Definitions.h in Headers */,
				F5A878E60378BAFB01A80184 /* RenamedPathPairContainer.h in Headers */,
				F5A878FC0378C7F501A80184 /* BetterCompareNSString.h in Headers */,
				F5A879140379067901A80184 /* RenamedPathPair.h in Headers */,
				F5A8791A037912BA01A80184 /* FilesRenamer.h in Headers */,
				F550E06F037A648B01A80184 /* SequentialNumberChecker.h in Headers */,
				F550E16B037ACAF601A80184 /* RNameController.h in Headers */,
				F5B47EF2037BAA4001A80184 /* ControllerDefinitions.h in Headers */,
				F5ADE9AD0380E47301A80184 /* PerlWrapper.h in Headers */,
				F5ADE9D90380E9F701A80184 /* TransparentDraggedWindow.h in Headers */,
				F5C0E1E7039DFC7E01D9EB3C /* StringsManager.h in Headers */,
			);
			runOnlyForDeploymentPostprocessing = 0;
		};
		A36DA2820B84F4B200E13BA1 /* Headers */ = {
			isa = PBXHeadersBuildPhase;
			buildActionMask = 2147483647;
			files = (
				A36DA2830B84F4B200E13BA1 /* Definitions.h in Headers */,
				A36DA2840B84F4B200E13BA1 /* RenamedPathPairContainer.h in Headers */,
				A36DA2850B84F4B200E13BA1 /* BetterCompareNSString.h in Headers */,
				A36DA2860B84F4B200E13BA1 /* RenamedPathPair.h in Headers */,
				A36DA2870B84F4B200E13BA1 /* FilesRenamer.h in Headers */,
				A36DA2880B84F4B200E13BA1 /* SequentialNumberChecker.h in Headers */,
				A36DA2890B84F4B200E13BA1 /* RNameController.h in Headers */,
				A36DA28A0B84F4B200E13BA1 /* ControllerDefinitions.h in Headers */,
				A36DA28B0B84F4B200E13BA1 /* PerlWrapper.h in Headers */,
				A36DA28C0B84F4B200E13BA1 /* TransparentDraggedWindow.h in Headers */,
				A36DA28D0B84F4B200E13BA1 /* StringsManager.h in Headers */,
			);
			runOnlyForDeploymentPostprocessing = 0;
		};
/* End PBXHeadersBuildPhase section */

/* Begin PBXNativeTarget section */
		A36DA2810B84F4B200E13BA1 /* R-Name (Upgraded) */ = {
			isa = PBXNativeTarget;
			buildConfigurationList = A36DA2A20B84F4B200E13BA1 /* Build configuration list for PBXNativeTarget "R-Name (Upgraded)" */;
			buildPhases = (
				A36DA2820B84F4B200E13BA1 /* Headers */,
				A36DA28E0B84F4B200E13BA1 /* Resources */,
				A36DA2950B84F4B200E13BA1 /* Sources */,
				A36DA2A00B84F4B200E13BA1 /* Frameworks */,
			);
			buildRules = (
			);
			dependencies = (
			);
			name = "R-Name (Upgraded)";
			productInstallPath = "$(HOME)/Applications";
			productName = "Active R-Name";
			productReference = A36DA2A70B84F4B200E13BA1 /* R-Name.app */;
			productType = "com.apple.product-type.application";
		};
/* End PBXNativeTarget section */

/* Begin PBXProject section */
		29B97313FDCFA39411CA2CEA /* Project object */ = {
			isa = PBXProject;
			buildConfigurationList = A36DA2780B84F36300E13BA1 /* Build configuration list for PBXProject "R-Name" */;
			compatibilityVersion = "Xcode 2.4";
			developmentRegion = English;
			hasScannedForEncodings = 1;
			knownRegions = (
				English,
				Japanese,
				French,
				German,
			);
			mainGroup = 29B97314FDCFA39411CA2CEA /* Active R-Name */;
			projectDirPath = "";
			projectRoot = "";
			targets = (
				A36DA2810B84F4B200E13BA1 /* R-Name (Upgraded) */,
				29B97326FDCFA39411CA2CEA /* R-Name */,
			);
		};
/* End PBXProject section */

/* Begin PBXResourcesBuildPhase section */
		29B97328FDCFA39411CA2CEA /* Resources */ = {
			isa = PBXResourcesBuildPhase;
			buildActionMask = 2147483647;
			files = (
				080E96DCFE201CFB7F000001 /* MainMenu.nib in Resources */,
				089C165EFE840E0CC02AAC07 /* InfoPlist.strings in Resources */,
				F5ADEA3503A5EDE901A80184 /* Localizable.strings in Resources */,
				F5ADE9AE0380E47401A80184 /* regex.pl in Resources */,
				F5ADEA2E03A5EDE901A80184 /* Credits.html in Resources */,
				F5ADEA3903A5EDE901A80184 /* AppIcon.icns in Resources */,
			);
			runOnlyForDeploymentPostprocessing = 0;
		};
		A36DA28E0B84F4B200E13BA1 /* Resources */ = {
			isa = PBXResourcesBuildPhase;
			buildActionMask = 2147483647;
			files = (
				A385983213162A63005C9EAC /* AppIcon.icns in Resources */,
				A36DA28F0B84F4B200E13BA1 /* MainMenu.nib in Resources */,
				A36DA2900B84F4B200E13BA1 /* InfoPlist.strings in Resources */,
				A36DA2910B84F4B200E13BA1 /* Localizable.strings in Resources */,
				A36DA2920B84F4B200E13BA1 /* regex.pl in Resources */,
				A36DA2930B84F4B200E13BA1 /* Credits.html in Resources */,
			);
			runOnlyForDeploymentPostprocessing = 0;
		};
/* End PBXResourcesBuildPhase section */

/* Begin PBXSourcesBuildPhase section */
		29B9732BFDCFA39411CA2CEA /* Sources */ = {
			isa = PBXSourcesBuildPhase;
			buildActionMask = 2147483647;
			files = (
				29B9732CFDCFA39411CA2CEA /* main.m in Sources */,
				F5A878FB0378C7F401A80184 /* BetterCompareNSString.m in Sources */,
				F5A879150379067A01A80184 /* RenamedPathPair.m in Sources */,
				F5A8791B037912BA01A80184 /* FilesRenamer.m in Sources */,
				F550E16C037ACAF601A80184 /* RNameController.m in Sources */,
				F5B3EFF0037D83AF016DA8EF /* SequentialNumberChecker.m in Sources */,
				F547C58A037FD73A01D5D143 /* RenamedPathPairContainer.m in Sources */,
				F5ADE9AF0380E47401A80184 /* PerlWrapper.m in Sources */,
				F5ADE9D80380E9F601A80184 /* TransparentDraggedWindow.m in Sources */,
				F5C0E1E8039DFC7E01D9EB3C /* StringsManager.m in Sources */,
			);
			runOnlyForDeploymentPostprocessing = 0;
		};
		A36DA2950B84F4B200E13BA1 /* Sources */ = {
			isa = PBXSourcesBuildPhase;
			buildActionMask = 2147483647;
			files = (
				A36DA2960B84F4B200E13BA1 /* main.m in Sources */,
				A36DA2970B84F4B200E13BA1 /* BetterCompareNSString.m in Sources */,
				A36DA2980B84F4B200E13BA1 /* RenamedPathPair.m in Sources */,
				A36DA2990B84F4B200E13BA1 /* FilesRenamer.m in Sources */,
				A36DA29A0B84F4B200E13BA1 /* RNameController.m in Sources */,
				A36DA29B0B84F4B200E13BA1 /* SequentialNumberChecker.m in Sources */,
				A36DA29C0B84F4B200E13BA1 /* RenamedPathPairContainer.m in Sources */,
				A36DA29D0B84F4B200E13BA1 /* PerlWrapper.m in Sources */,
				A36DA29E0B84F4B200E13BA1 /* TransparentDraggedWindow.m in Sources */,
				A36DA29F0B84F4B200E13BA1 /* StringsManager.m in Sources */,
			);
			runOnlyForDeploymentPostprocessing = 0;
		};
/* End PBXSourcesBuildPhase section */

/* Begin PBXVariantGroup section */
		089C165CFE840E0CC02AAC07 /* InfoPlist.strings */ = {
			isa = PBXVariantGroup;
			children = (
				089C165DFE840E0CC02AAC07 /* English */,
			);
			name = InfoPlist.strings;
			sourceTree = "<group>";
		};
		29B97318FDCFA39411CA2CEA /* MainMenu.nib */ = {
			isa = PBXVariantGroup;
			children = (
				29B97319FDCFA39411CA2CEA /* English */,
				F5ADEA3103A5EDE901A80184 /* Japanese */,
				F50E0A49038351C201A80184 /* French */,
				98EE2EF204B344790093C9FA /* German */,
			);
			name = MainMenu.nib;
			sourceTree = "<group>";
		};
		F5ADEA2C03A5EDE901A80184 /* Credits.html */ = {
			isa = PBXVariantGroup;
			children = (
				F5ADEA2D03A5EDE901A80184 /* English */,
				F5ADEA2F03A5EDE901A80184 /* Japanese */,
				F50E0A46038351BC01A80184 /* French */,
				98EE2F0504B34AF80093C9FA /* German */,
			);
			name = Credits.html;
			sourceTree = "<group>";
		};
		F5ADEA3403A5EDE901A80184 /* Localizable.strings */ = {
			isa = PBXVariantGroup;
			children = (
				F5ADEA3703A5EDE901A80184 /* English */,
				F5ADEA3603A5EDE901A80184 /* Japanese */,
				98EF851904092811003B22E6 /* French */,
				98EE2EF304B348C40093C9FA /* German */,
			);
			name = Localizable.strings;
			sourceTree = "<group>";
		};
/* End PBXVariantGroup section */

/* Begin XCBuildConfiguration section */
		A36DA2750B84F36300E13BA1 /* Development */ = {
			isa = XCBuildConfiguration;
			buildSettings = {
				COPY_PHASE_STRIP = NO;
				DEBUGGING_SYMBOLS = NO;
				FRAMEWORK_SEARCH_PATHS = "";
				GCC_DYNAMIC_NO_PIC = NO;
				GCC_ENABLE_FIX_AND_CONTINUE = YES;
				GCC_GENERATE_DEBUGGING_SYMBOLS = YES;
				GCC_OPTIMIZATION_LEVEL = 0;
				HEADER_SEARCH_PATHS = "";
				INSTALL_PATH = "$(HOME)/Applications";
				LIBRARY_SEARCH_PATHS = "";
				OTHER_CFLAGS = "";
				OTHER_LDFLAGS = "";
				PRODUCT_NAME = "R-Name";
				SECTORDER_FLAGS = "";
				WARNING_CFLAGS = (
					"-Wmost",
					"-Wno-four-char-constants",
					"-Wno-unknown-pragmas",
				);
				WRAPPER_EXTENSION = app;
				ZERO_LINK = YES;
			};
			name = Development;
		};
		A36DA2760B84F36300E13BA1 /* Deployment */ = {
			isa = XCBuildConfiguration;
			buildSettings = {
				COPY_PHASE_STRIP = YES;
				DEBUGGING_SYMBOLS = NO;
				FRAMEWORK_SEARCH_PATHS = "";
				GCC_ENABLE_FIX_AND_CONTINUE = NO;
				HEADER_SEARCH_PATHS = "";
				INSTALL_PATH = "$(HOME)/Applications";
				LIBRARY_SEARCH_PATHS = "";
				OTHER_CFLAGS = "";
				OTHER_LDFLAGS = "";
				PRODUCT_NAME = "R-Name";
				SECTORDER_FLAGS = "";
				WARNING_CFLAGS = (
					"-Wmost",
					"-Wno-four-char-constants",
					"-Wno-unknown-pragmas",
				);
				WRAPPER_EXTENSION = app;
				ZERO_LINK = NO;
			};
			name = Deployment;
		};
		A36DA2770B84F36300E13BA1 /* Default */ = {
			isa = XCBuildConfiguration;
			buildSettings = {
				DEBUGGING_SYMBOLS = NO;
				FRAMEWORK_SEARCH_PATHS = "";
				HEADER_SEARCH_PATHS = "";
				INSTALL_PATH = "$(HOME)/Applications";
				LIBRARY_SEARCH_PATHS = "";
				OTHER_CFLAGS = "";
				OTHER_LDFLAGS = "";
				PRODUCT_NAME = "R-Name";
				SECTORDER_FLAGS = "";
				WARNING_CFLAGS = (
					"-Wmost",
					"-Wno-four-char-constants",
					"-Wno-unknown-pragmas",
				);
				WRAPPER_EXTENSION = app;
			};
			name = Default;
		};
		A36DA2790B84F36300E13BA1 /* Development */ = {
			isa = XCBuildConfiguration;
			buildSettings = {
			};
			name = Development;
		};
		A36DA27A0B84F36300E13BA1 /* Deployment */ = {
			isa = XCBuildConfiguration;
			buildSettings = {
			};
			name = Deployment;
		};
		A36DA27B0B84F36300E13BA1 /* Default */ = {
			isa = XCBuildConfiguration;
			buildSettings = {
			};
			name = Default;
		};
		A36DA2A30B84F4B200E13BA1 /* Development */ = {
			isa = XCBuildConfiguration;
			buildSettings = {
				COPY_PHASE_STRIP = NO;
				FRAMEWORK_SEARCH_PATHS = "";
				GCC_DYNAMIC_NO_PIC = NO;
				GCC_ENABLE_FIX_AND_CONTINUE = YES;
				GCC_GENERATE_DEBUGGING_SYMBOLS = NO;
				GCC_OPTIMIZATION_LEVEL = 0;
				GCC_SYMBOLS_PRIVATE_EXTERN = NO;
				HEADER_SEARCH_PATHS = "";
				INFOPLIST_FILE = "Info-R_Name__Upgraded_.plist";
				INSTALL_PATH = "$(HOME)/Applications";
				LIBRARY_SEARCH_PATHS = "";
				OTHER_CFLAGS = "";
				OTHER_LDFLAGS = "";
				PRODUCT_NAME = "R-Name";
				SECTORDER_FLAGS = "";
				WARNING_CFLAGS = (
					"-Wmost",
					"-Wno-four-char-constants",
					"-Wno-unknown-pragmas",
				);
				WRAPPER_EXTENSION = app;
				ZERO_LINK = YES;
			};
			name = Development;
		};
		A36DA2A40B84F4B200E13BA1 /* Deployment */ = {
			isa = XCBuildConfiguration;
			buildSettings = {
				ARCHS = "$(ARCHS_STANDARD_32_64_BIT_PRE_XCODE_3_1)";
				ARCHS_STANDARD_32_64_BIT_PRE_XCODE_3_1 = "x86_64 i386 ppc";
				COPY_PHASE_STRIP = YES;
				FRAMEWORK_SEARCH_PATHS = "";
				GCC_ENABLE_FIX_AND_CONTINUE = NO;
				GCC_GENERATE_DEBUGGING_SYMBOLS = NO;
				GCC_SYMBOLS_PRIVATE_EXTERN = NO;
				HEADER_SEARCH_PATHS = "";
				INFOPLIST_FILE = "Info-R_Name__Upgraded_.plist";
				INSTALL_PATH = "$(HOME)/Applications";
				LIBRARY_SEARCH_PATHS = "";
				OTHER_CFLAGS = "";
				OTHER_LDFLAGS = "";
				PREBINDING = NO;
				PRODUCT_NAME = "R-Name";
				SECTORDER_FLAGS = "";
				WARNING_CFLAGS = (
					"-Wmost",
					"-Wno-four-char-constants",
					"-Wno-unknown-pragmas",
				);
				WRAPPER_EXTENSION = app;
				ZERO_LINK = NO;
			};
			name = Deployment;
		};
		A36DA2A50B84F4B200E13BA1 /* Default */ = {
			isa = XCBuildConfiguration;
			buildSettings = {
				FRAMEWORK_SEARCH_PATHS = "";
				GCC_GENERATE_DEBUGGING_SYMBOLS = NO;
				GCC_SYMBOLS_PRIVATE_EXTERN = NO;
				HEADER_SEARCH_PATHS = "";
				INFOPLIST_FILE = "Info-R_Name__Upgraded_.plist";
				INSTALL_PATH = "$(HOME)/Applications";
				LIBRARY_SEARCH_PATHS = "";
				OTHER_CFLAGS = "";
				OTHER_LDFLAGS = "";
				PRODUCT_NAME = "R-Name";
				SECTORDER_FLAGS = "";
				WARNING_CFLAGS = (
					"-Wmost",
					"-Wno-four-char-constants",
					"-Wno-unknown-pragmas",
				);
				WRAPPER_EXTENSION = app;
			};
			name = Default;
		};
/* End XCBuildConfiguration section */

/* Begin XCConfigurationList section */
		A36DA2740B84F36300E13BA1 /* Build configuration list for PBXApplicationTarget "R-Name" */ = {
			isa = XCConfigurationList;
			buildConfigurations = (
				A36DA2750B84F36300E13BA1 /* Development */,
				A36DA2760B84F36300E13BA1 /* Deployment */,
				A36DA2770B84F36300E13BA1 /* Default */,
			);
			defaultConfigurationIsVisible = 0;
			defaultConfigurationName = Default;
		};
		A36DA2780B84F36300E13BA1 /* Build configuration list for PBXProject "R-Name" */ = {
			isa = XCConfigurationList;
			buildConfigurations = (
				A36DA2790B84F36300E13BA1 /* Development */,
				A36DA27A0B84F36300E13BA1 /* Deployment */,
				A36DA27B0B84F36300E13BA1 /* Default */,
			);
			defaultConfigurationIsVisible = 0;
			defaultConfigurationName = Default;
		};
		A36DA2A20B84F4B200E13BA1 /* Build configuration list for PBXNativeTarget "R-Name (Upgraded)" */ = {
			isa = XCConfigurationList;
			buildConfigurations = (
				A36DA2A30B84F4B200E13BA1 /* Development */,
				A36DA2A40B84F4B200E13BA1 /* Deployment */,
				A36DA2A50B84F4B200E13BA1 /* Default */,
			);
			defaultConfigurationIsVisible = 0;
			defaultConfigurationName = Default;
		};
/* End XCConfigurationList section */
	};
	rootObject = 29B97313FDCFA39411CA2CEA /* Project object */;
}
